// !$*UTF8*$!
{
	archiveVersion = 1;
	classes = {
	};
	objectVersion = 46;
	objects = {

/* Begin PBXBuildFile section */
		FC73483118B89FED00C05E65 /* HomeViewController.m in Sources */ = {isa = PBXBuildFile; fileRef = FC73483018B89FED00C05E65 /* HomeViewController.m */; };
		FC73483618B8E8E000C05E65 /* EFCircularSlider.m in Sources */ = {isa = PBXBuildFile; fileRef = FC73483518B8E8E000C05E65 /* EFCircularSlider.m */; };
		FC73483918B943F700C05E65 /* IBActionSheet.m in Sources */ = {isa = PBXBuildFile; fileRef = FC73483818B943F700C05E65 /* IBActionSheet.m */; };
		FC73483F18BA1D1C00C05E65 /* SettingsViewController.m in Sources */ = {isa = PBXBuildFile; fileRef = FC73483E18BA1D1C00C05E65 /* SettingsViewController.m */; };
		FC73484918BA56C900C05E65 /* purple_signup.png in Resources */ = {isa = PBXBuildFile; fileRef = FC73484718BA56C900C05E65 /* purple_signup.png */; };
		FC73484A18BA56C900C05E65 /* purple.png in Resources */ = {isa = PBXBuildFile; fileRef = FC73484818BA56C900C05E65 /* purple.png */; };
		FC73484C18BA5C8300C05E65 /* close.png in Resources */ = {isa = PBXBuildFile; fileRef = FC73484B18BA5C8300C05E65 /* close.png */; };
		FC73484E18BA76BB00C05E65 /* icon-home.png in Resources */ = {isa = PBXBuildFile; fileRef = FC73484D18BA76BB00C05E65 /* icon-home.png */; };
		FC73485418BA77BC00C05E65 /* icon-ios7-gear-outline.png in Resources */ = {isa = PBXBuildFile; fileRef = FC73485318BA77BC00C05E65 /* icon-ios7-gear-outline.png */; };
		FCF243E618BB7B9800AC4306 /* Parse.framework in Frameworks */ = {isa = PBXBuildFile; fileRef = FCF243E518BB7B9800AC4306 /* Parse.framework */; };
		FCF243EC18BBBDB800AC4306 /* karma.png in Resources */ = {isa = PBXBuildFile; fileRef = FCF243EB18BBBDB800AC4306 /* karma.png */; };
		FCFE9DBD18B506820019DC9F /* Foundation.framework in Frameworks */ = {isa = PBXBuildFile; fileRef = FCFE9DBC18B506820019DC9F /* Foundation.framework */; };
		FCFE9DBF18B506820019DC9F /* CoreGraphics.framework in Frameworks */ = {isa = PBXBuildFile; fileRef = FCFE9DBE18B506820019DC9F /* CoreGraphics.framework */; };
		FCFE9DC118B506820019DC9F /* UIKit.framework in Frameworks */ = {isa = PBXBuildFile; fileRef = FCFE9DC018B506820019DC9F /* UIKit.framework */; };
		FCFE9DC718B506820019DC9F /* InfoPlist.strings in Resources */ = {isa = PBXBuildFile; fileRef = FCFE9DC518B506820019DC9F /* InfoPlist.strings */; };
		FCFE9DC918B506820019DC9F /* main.m in Sources */ = {isa = PBXBuildFile; fileRef = FCFE9DC818B506820019DC9F /* main.m */; };
		FCFE9DCD18B506820019DC9F /* AppDelegate.m in Sources */ = {isa = PBXBuildFile; fileRef = FCFE9DCC18B506820019DC9F /* AppDelegate.m */; };
		FCFE9DD018B506820019DC9F /* Main.storyboard in Resources */ = {isa = PBXBuildFile; fileRef = FCFE9DCE18B506820019DC9F /* Main.storyboard */; };
		FCFE9DD518B506820019DC9F /* Images.xcassets in Resources */ = {isa = PBXBuildFile; fileRef = FCFE9DD418B506820019DC9F /* Images.xcassets */; };
		FCFE9DDC18B506820019DC9F /* XCTest.framework in Frameworks */ = {isa = PBXBuildFile; fileRef = FCFE9DDB18B506820019DC9F /* XCTest.framework */; };
		FCFE9DDD18B506820019DC9F /* Foundation.framework in Frameworks */ = {isa = PBXBuildFile; fileRef = FCFE9DBC18B506820019DC9F /* Foundation.framework */; };
		FCFE9DDE18B506820019DC9F /* UIKit.framework in Frameworks */ = {isa = PBXBuildFile; fileRef = FCFE9DC018B506820019DC9F /* UIKit.framework */; };
		FCFE9DE618B506820019DC9F /* InfoPlist.strings in Resources */ = {isa = PBXBuildFile; fileRef = FCFE9DE418B506820019DC9F /* InfoPlist.strings */; };
		FCFE9DE818B506820019DC9F /* RoomieParseTests.m in Sources */ = {isa = PBXBuildFile; fileRef = FCFE9DE718B506820019DC9F /* RoomieParseTests.m */; };
		FCFE9DFA18B506FC0019DC9F /* AudioToolbox.framework in Frameworks */ = {isa = PBXBuildFile; fileRef = FCFE9DF318B506FC0019DC9F /* AudioToolbox.framework */; };
		FCFE9DFB18B506FC0019DC9F /* libz.dylib in Frameworks */ = {isa = PBXBuildFile; fileRef = FCFE9DF418B506FC0019DC9F /* libz.dylib */; };
		FCFE9DFC18B506FC0019DC9F /* MobileCoreServices.framework in Frameworks */ = {isa = PBXBuildFile; fileRef = FCFE9DF518B506FC0019DC9F /* MobileCoreServices.framework */; };
		FCFE9DFD18B506FC0019DC9F /* QuartzCore.framework in Frameworks */ = {isa = PBXBuildFile; fileRef = FCFE9DF618B506FC0019DC9F /* QuartzCore.framework */; };
		FCFE9DFE18B506FC0019DC9F /* Security.framework in Frameworks */ = {isa = PBXBuildFile; fileRef = FCFE9DF718B506FC0019DC9F /* Security.framework */; };
		FCFE9DFF18B506FC0019DC9F /* StoreKit.framework in Frameworks */ = {isa = PBXBuildFile; fileRef = FCFE9DF818B506FC0019DC9F /* StoreKit.framework */; };
		FCFE9E0018B506FC0019DC9F /* SystemConfiguration.framework in Frameworks */ = {isa = PBXBuildFile; fileRef = FCFE9DF918B506FC0019DC9F /* SystemConfiguration.framework */; };
		FCFE9E0518B507610019DC9F /* Task.m in Sources */ = {isa = PBXBuildFile; fileRef = FCFE9E0218B507610019DC9F /* Task.m */; };
		FCFE9E0618B507610019DC9F /* Roommate.m in Sources */ = {isa = PBXBuildFile; fileRef = FCFE9E0418B507610019DC9F /* Roommate.m */; };
		FCFE9E0D18B50CD20019DC9F /* TaskViewController.m in Sources */ = {isa = PBXBuildFile; fileRef = FCFE9E0C18B50CD20019DC9F /* TaskViewController.m */; };
		FCFE9E1018B51F5B0019DC9F /* LoginViewController.m in Sources */ = {isa = PBXBuildFile; fileRef = FCFE9E0F18B51F5B0019DC9F /* LoginViewController.m */; };
		FCFE9E1718B53DE40019DC9F /* SignUpViewController.m in Sources */ = {isa = PBXBuildFile; fileRef = FCFE9E1618B53DE40019DC9F /* SignUpViewController.m */; };
		FCFE9E1F18B546530019DC9F /* NewTaskViewController.m in Sources */ = {isa = PBXBuildFile; fileRef = FCFE9E1E18B546530019DC9F /* NewTaskViewController.m */; };
		FCFE9E2A18B5DE480019DC9F /* TaskDetailViewController.m in Sources */ = {isa = PBXBuildFile; fileRef = FCFE9E2918B5DE480019DC9F /* TaskDetailViewController.m */; };
		FCFE9E8918B89EF10019DC9F /* HMSegmentedControl.m in Sources */ = {isa = PBXBuildFile; fileRef = FCFE9E8818B89EF10019DC9F /* HMSegmentedControl.m */; };
/* End PBXBuildFile section */

/* Begin PBXContainerItemProxy section */
		FCFE9DDF18B506820019DC9F /* PBXContainerItemProxy */ = {
			isa = PBXContainerItemProxy;
			containerPortal = FCFE9DB118B506820019DC9F /* Project object */;
			proxyType = 1;
			remoteGlobalIDString = FCFE9DB818B506820019DC9F;
			remoteInfo = RoomieParse;
		};
/* End PBXContainerItemProxy section */

/* Begin PBXFileReference section */
		FC73482F18B89FED00C05E65 /* HomeViewController.h */ = {isa = PBXFileReference; fileEncoding = 4; lastKnownFileType = sourcecode.c.h; path = HomeViewController.h; sourceTree = "<group>"; };
		FC73483018B89FED00C05E65 /* HomeViewController.m */ = {isa = PBXFileReference; fileEncoding = 4; lastKnownFileType = sourcecode.c.objc; path = HomeViewController.m; sourceTree = "<group>"; };
		FC73483418B8E8E000C05E65 /* EFCircularSlider.h */ = {isa = PBXFileReference; fileEncoding = 4; lastKnownFileType = sourcecode.c.h; path = EFCircularSlider.h; sourceTree = "<group>"; };
		FC73483518B8E8E000C05E65 /* EFCircularSlider.m */ = {isa = PBXFileReference; fileEncoding = 4; lastKnownFileType = sourcecode.c.objc; path = EFCircularSlider.m; sourceTree = "<group>"; };
		FC73483718B943F700C05E65 /* IBActionSheet.h */ = {isa = PBXFileReference; fileEncoding = 4; lastKnownFileType = sourcecode.c.h; path = IBActionSheet.h; sourceTree = "<group>"; };
		FC73483818B943F700C05E65 /* IBActionSheet.m */ = {isa = PBXFileReference; fileEncoding = 4; lastKnownFileType = sourcecode.c.objc; path = IBActionSheet.m; sourceTree = "<group>"; };
		FC73483D18BA1D1C00C05E65 /* SettingsViewController.h */ = {isa = PBXFileReference; fileEncoding = 4; lastKnownFileType = sourcecode.c.h; path = SettingsViewController.h; sourceTree = "<group>"; };
		FC73483E18BA1D1C00C05E65 /* SettingsViewController.m */ = {isa = PBXFileReference; fileEncoding = 4; lastKnownFileType = sourcecode.c.objc; path = SettingsViewController.m; sourceTree = "<group>"; };
		FC73484718BA56C900C05E65 /* purple_signup.png */ = {isa = PBXFileReference; lastKnownFileType = image.png; path = purple_signup.png; sourceTree = "<group>"; };
		FC73484818BA56C900C05E65 /* purple.png */ = {isa = PBXFileReference; lastKnownFileType = image.png; path = purple.png; sourceTree = "<group>"; };
		FC73484B18BA5C8300C05E65 /* close.png */ = {isa = PBXFileReference; lastKnownFileType = image.png; path = close.png; sourceTree = "<group>"; };
		FC73484D18BA76BB00C05E65 /* icon-home.png */ = {isa = PBXFileReference; lastKnownFileType = image.png; path = "icon-home.png"; sourceTree = "<group>"; };
		FC73485318BA77BC00C05E65 /* icon-ios7-gear-outline.png */ = {isa = PBXFileReference; lastKnownFileType = image.png; path = "icon-ios7-gear-outline.png"; sourceTree = "<group>"; };
		FCF243E518BB7B9800AC4306 /* Parse.framework */ = {isa = PBXFileReference; lastKnownFileType = wrapper.framework; path = Parse.framework; sourceTree = "<group>"; };
		FCF243EB18BBBDB800AC4306 /* karma.png */ = {isa = PBXFileReference; lastKnownFileType = image.png; path = karma.png; sourceTree = "<group>"; };
		FCFE9DB918B506820019DC9F /* RoomieParse.app */ = {isa = PBXFileReference; explicitFileType = wrapper.application; includeInIndex = 0; path = RoomieParse.app; sourceTree = BUILT_PRODUCTS_DIR; };
		FCFE9DBC18B506820019DC9F /* Foundation.framework */ = {isa = PBXFileReference; lastKnownFileType = wrapper.framework; name = Foundation.framework; path = System/Library/Frameworks/Foundation.framework; sourceTree = SDKROOT; };
		FCFE9DBE18B506820019DC9F /* CoreGraphics.framework */ = {isa = PBXFileReference; lastKnownFileType = wrapper.framework; name = CoreGraphics.framework; path = System/Library/Frameworks/CoreGraphics.framework; sourceTree = SDKROOT; };
		FCFE9DC018B506820019DC9F /* UIKit.framework */ = {isa = PBXFileReference; lastKnownFileType = wrapper.framework; name = UIKit.framework; path = System/Library/Frameworks/UIKit.framework; sourceTree = SDKROOT; };
		FCFE9DC418B506820019DC9F /* RoomieParse-Info.plist */ = {isa = PBXFileReference; lastKnownFileType = text.plist.xml; path = "RoomieParse-Info.plist"; sourceTree = "<group>"; };
		FCFE9DC618B506820019DC9F /* en */ = {isa = PBXFileReference; lastKnownFileType = text.plist.strings; name = en; path = en.lproj/InfoPlist.strings; sourceTree = "<group>"; };
		FCFE9DC818B506820019DC9F /* main.m */ = {isa = PBXFileReference; lastKnownFileType = sourcecode.c.objc; path = main.m; sourceTree = "<group>"; };
		FCFE9DCA18B506820019DC9F /* RoomieParse-Prefix.pch */ = {isa = PBXFileReference; lastKnownFileType = sourcecode.c.h; path = "RoomieParse-Prefix.pch"; sourceTree = "<group>"; };
		FCFE9DCB18B506820019DC9F /* AppDelegate.h */ = {isa = PBXFileReference; lastKnownFileType = sourcecode.c.h; path = AppDelegate.h; sourceTree = "<group>"; };
		FCFE9DCC18B506820019DC9F /* AppDelegate.m */ = {isa = PBXFileReference; lastKnownFileType = sourcecode.c.objc; path = AppDelegate.m; sourceTree = "<group>"; };
		FCFE9DCF18B506820019DC9F /* Base */ = {isa = PBXFileReference; lastKnownFileType = file.storyboard; name = Base; path = Base.lproj/Main.storyboard; sourceTree = "<group>"; };
		FCFE9DD418B506820019DC9F /* Images.xcassets */ = {isa = PBXFileReference; lastKnownFileType = folder.assetcatalog; path = Images.xcassets; sourceTree = "<group>"; };
		FCFE9DDA18B506820019DC9F /* RoomieParseTests.xctest */ = {isa = PBXFileReference; explicitFileType = wrapper.cfbundle; includeInIndex = 0; path = RoomieParseTests.xctest; sourceTree = BUILT_PRODUCTS_DIR; };
		FCFE9DDB18B506820019DC9F /* XCTest.framework */ = {isa = PBXFileReference; lastKnownFileType = wrapper.framework; name = XCTest.framework; path = Library/Frameworks/XCTest.framework; sourceTree = DEVELOPER_DIR; };
		FCFE9DE318B506820019DC9F /* RoomieParseTests-Info.plist */ = {isa = PBXFileReference; lastKnownFileType = text.plist.xml; path = "RoomieParseTests-Info.plist"; sourceTree = "<group>"; };
		FCFE9DE518B506820019DC9F /* en */ = {isa = PBXFileReference; lastKnownFileType = text.plist.strings; name = en; path = en.lproj/InfoPlist.strings; sourceTree = "<group>"; };
		FCFE9DE718B506820019DC9F /* RoomieParseTests.m */ = {isa = PBXFileReference; lastKnownFileType = sourcecode.c.objc; path = RoomieParseTests.m; sourceTree = "<group>"; };
		FCFE9DF318B506FC0019DC9F /* AudioToolbox.framework */ = {isa = PBXFileReference; lastKnownFileType = wrapper.framework; name = AudioToolbox.framework; path = System/Library/Frameworks/AudioToolbox.framework; sourceTree = SDKROOT; };
		FCFE9DF418B506FC0019DC9F /* libz.dylib */ = {isa = PBXFileReference; lastKnownFileType = "compiled.mach-o.dylib"; name = libz.dylib; path = usr/lib/libz.dylib; sourceTree = SDKROOT; };
		FCFE9DF518B506FC0019DC9F /* MobileCoreServices.framework */ = {isa = PBXFileReference; lastKnownFileType = wrapper.framework; name = MobileCoreServices.framework; path = System/Library/Frameworks/MobileCoreServices.framework; sourceTree = SDKROOT; };
		FCFE9DF618B506FC0019DC9F /* QuartzCore.framework */ = {isa = PBXFileReference; lastKnownFileType = wrapper.framework; name = QuartzCore.framework; path = System/Library/Frameworks/QuartzCore.framework; sourceTree = SDKROOT; };
		FCFE9DF718B506FC0019DC9F /* Security.framework */ = {isa = PBXFileReference; lastKnownFileType = wrapper.framework; name = Security.framework; path = System/Library/Frameworks/Security.framework; sourceTree = SDKROOT; };
		FCFE9DF818B506FC0019DC9F /* StoreKit.framework */ = {isa = PBXFileReference; lastKnownFileType = wrapper.framework; name = StoreKit.framework; path = System/Library/Frameworks/StoreKit.framework; sourceTree = SDKROOT; };
		FCFE9DF918B506FC0019DC9F /* SystemConfiguration.framework */ = {isa = PBXFileReference; lastKnownFileType = wrapper.framework; name = SystemConfiguration.framework; path = System/Library/Frameworks/SystemConfiguration.framework; sourceTree = SDKROOT; };
		FCFE9E0118B507610019DC9F /* Task.h */ = {isa = PBXFileReference; fileEncoding = 4; lastKnownFileType = sourcecode.c.h; path = Task.h; sourceTree = "<group>"; };
		FCFE9E0218B507610019DC9F /* Task.m */ = {isa = PBXFileReference; fileEncoding = 4; lastKnownFileType = sourcecode.c.objc; path = Task.m; sourceTree = "<group>"; };
		FCFE9E0318B507610019DC9F /* Roommate.h */ = {isa = PBXFileReference; fileEncoding = 4; lastKnownFileType = sourcecode.c.h; path = Roommate.h; sourceTree = "<group>"; };
		FCFE9E0418B507610019DC9F /* Roommate.m */ = {isa = PBXFileReference; fileEncoding = 4; lastKnownFileType = sourcecode.c.objc; path = Roommate.m; sourceTree = "<group>"; };
		FCFE9E0B18B50CD20019DC9F /* TaskViewController.h */ = {isa = PBXFileReference; fileEncoding = 4; lastKnownFileType = sourcecode.c.h; path = TaskViewController.h; sourceTree = "<group>"; };
		FCFE9E0C18B50CD20019DC9F /* TaskViewController.m */ = {isa = PBXFileReference; fileEncoding = 4; lastKnownFileType = sourcecode.c.objc; path = TaskViewController.m; sourceTree = "<group>"; };
		FCFE9E0E18B51F5B0019DC9F /* LoginViewController.h */ = {isa = PBXFileReference; fileEncoding = 4; lastKnownFileType = sourcecode.c.h; path = LoginViewController.h; sourceTree = "<group>"; };
		FCFE9E0F18B51F5B0019DC9F /* LoginViewController.m */ = {isa = PBXFileReference; fileEncoding = 4; lastKnownFileType = sourcecode.c.objc; path = LoginViewController.m; sourceTree = "<group>"; };
		FCFE9E1518B53DE40019DC9F /* SignUpViewController.h */ = {isa = PBXFileReference; fileEncoding = 4; lastKnownFileType = sourcecode.c.h; path = SignUpViewController.h; sourceTree = "<group>"; };
		FCFE9E1618B53DE40019DC9F /* SignUpViewController.m */ = {isa = PBXFileReference; fileEncoding = 4; lastKnownFileType = sourcecode.c.objc; path = SignUpViewController.m; sourceTree = "<group>"; };
		FCFE9E1D18B546530019DC9F /* NewTaskViewController.h */ = {isa = PBXFileReference; fileEncoding = 4; lastKnownFileType = sourcecode.c.h; path = NewTaskViewController.h; sourceTree = "<group>"; };
		FCFE9E1E18B546530019DC9F /* NewTaskViewController.m */ = {isa = PBXFileReference; fileEncoding = 4; lastKnownFileType = sourcecode.c.objc; path = NewTaskViewController.m; sourceTree = "<group>"; };
		FCFE9E2818B5DE480019DC9F /* TaskDetailViewController.h */ = {isa = PBXFileReference; fileEncoding = 4; lastKnownFileType = sourcecode.c.h; name = TaskDetailViewController.h; path = RoomieParse/TaskDetailViewController.h; sourceTree = "<group>"; };
		FCFE9E2918B5DE480019DC9F /* TaskDetailViewController.m */ = {isa = PBXFileReference; fileEncoding = 4; lastKnownFileType = sourcecode.c.objc; name = TaskDetailViewController.m; path = RoomieParse/TaskDetailViewController.m; sourceTree = "<group>"; };
		FCFE9E8718B89EF10019DC9F /* HMSegmentedControl.h */ = {isa = PBXFileReference; fileEncoding = 4; lastKnownFileType = sourcecode.c.h; path = HMSegmentedControl.h; sourceTree = "<group>"; };
		FCFE9E8818B89EF10019DC9F /* HMSegmentedControl.m */ = {isa = PBXFileReference; fileEncoding = 4; lastKnownFileType = sourcecode.c.objc; path = HMSegmentedControl.m; sourceTree = "<group>"; };
/* End PBXFileReference section */

/* Begin PBXFrameworksBuildPhase section */
		FCFE9DB618B506820019DC9F /* Frameworks */ = {
			isa = PBXFrameworksBuildPhase;
			buildActionMask = 2147483647;
			files = (
				FCFE9DFA18B506FC0019DC9F /* AudioToolbox.framework in Frameworks */,
				FCFE9DFB18B506FC0019DC9F /* libz.dylib in Frameworks */,
				FCFE9DFC18B506FC0019DC9F /* MobileCoreServices.framework in Frameworks */,
				FCFE9DFD18B506FC0019DC9F /* QuartzCore.framework in Frameworks */,
				FCFE9DFE18B506FC0019DC9F /* Security.framework in Frameworks */,
				FCFE9DFF18B506FC0019DC9F /* StoreKit.framework in Frameworks */,
				FCF243E618BB7B9800AC4306 /* Parse.framework in Frameworks */,
				FCFE9E0018B506FC0019DC9F /* SystemConfiguration.framework in Frameworks */,
				FCFE9DBF18B506820019DC9F /* CoreGraphics.framework in Frameworks */,
				FCFE9DC118B506820019DC9F /* UIKit.framework in Frameworks */,
				FCFE9DBD18B506820019DC9F /* Foundation.framework in Frameworks */,
			);
			runOnlyForDeploymentPostprocessing = 0;
		};
		FCFE9DD718B506820019DC9F /* Frameworks */ = {
			isa = PBXFrameworksBuildPhase;
			buildActionMask = 2147483647;
			files = (
				FCFE9DDC18B506820019DC9F /* XCTest.framework in Frameworks */,
				FCFE9DDE18B506820019DC9F /* UIKit.framework in Frameworks */,
				FCFE9DDD18B506820019DC9F /* Foundation.framework in Frameworks */,
			);
			runOnlyForDeploymentPostprocessing = 0;
		};
/* End PBXFrameworksBuildPhase section */

/* Begin PBXGroup section */
		FC73483218B89FF200C05E65 /* Home */ = {
			isa = PBXGroup;
			children = (
				FC73482F18B89FED00C05E65 /* HomeViewController.h */,
				FC73483018B89FED00C05E65 /* HomeViewController.m */,
			);
			name = Home;
			sourceTree = "<group>";
		};
		FC73483318B8E8E000C05E65 /* EFCircularSlider */ = {
			isa = PBXGroup;
			children = (
				FC73483418B8E8E000C05E65 /* EFCircularSlider.h */,
				FC73483518B8E8E000C05E65 /* EFCircularSlider.m */,
			);
			path = EFCircularSlider;
			sourceTree = "<group>";
		};
		FC73483A18B9440100C05E65 /* IBActionSheet */ = {
			isa = PBXGroup;
			children = (
				FC73483718B943F700C05E65 /* IBActionSheet.h */,
				FC73483818B943F700C05E65 /* IBActionSheet.m */,
			);
			name = IBActionSheet;
			path = EFCircularSlider;
			sourceTree = "<group>";
		};
		FC73484018BA1D2100C05E65 /* Settings */ = {
			isa = PBXGroup;
			children = (
				FC73483D18BA1D1C00C05E65 /* SettingsViewController.h */,
				FC73483E18BA1D1C00C05E65 /* SettingsViewController.m */,
			);
			name = Settings;
			sourceTree = "<group>";
		};
		FCFE9DB018B506820019DC9F = {
			isa = PBXGroup;
			children = (
				FCFE9DC218B506820019DC9F /* RoomieParse */,
				FCFE9DE118B506820019DC9F /* RoomieParseTests */,
				FCFE9DBB18B506820019DC9F /* Frameworks */,
				FCFE9DBA18B506820019DC9F /* Products */,
			);
			sourceTree = "<group>";
		};
		FCFE9DBA18B506820019DC9F /* Products */ = {
			isa = PBXGroup;
			children = (
				FCFE9DB918B506820019DC9F /* RoomieParse.app */,
				FCFE9DDA18B506820019DC9F /* RoomieParseTests.xctest */,
			);
			name = Products;
			sourceTree = "<group>";
		};
		FCFE9DBB18B506820019DC9F /* Frameworks */ = {
			isa = PBXGroup;
			children = (
				FCF243E518BB7B9800AC4306 /* Parse.framework */,
				FCFE9DF318B506FC0019DC9F /* AudioToolbox.framework */,
				FCFE9DF418B506FC0019DC9F /* libz.dylib */,
				FCFE9DF518B506FC0019DC9F /* MobileCoreServices.framework */,
				FCFE9DF618B506FC0019DC9F /* QuartzCore.framework */,
				FCFE9DF718B506FC0019DC9F /* Security.framework */,
				FCFE9DF818B506FC0019DC9F /* StoreKit.framework */,
				FCFE9DF918B506FC0019DC9F /* SystemConfiguration.framework */,
				FCFE9DBC18B506820019DC9F /* Foundation.framework */,
				FCFE9DBE18B506820019DC9F /* CoreGraphics.framework */,
				FCFE9DC018B506820019DC9F /* UIKit.framework */,
				FCFE9DDB18B506820019DC9F /* XCTest.framework */,
			);
			name = Frameworks;
			sourceTree = "<group>";
		};
		FCFE9DC218B506820019DC9F /* RoomieParse */ = {
			isa = PBXGroup;
			children = (
				FC73483A18B9440100C05E65 /* IBActionSheet */,
				FC73483318B8E8E000C05E65 /* EFCircularSlider */,
				FCFE9E8618B89EF10019DC9F /* HMSegmentedControl */,
				FCFE9E1818B53DEB0019DC9F /* Sign Up */,
				FCFE9E1118B51F620019DC9F /* Login */,
				FCFE9E1318B51F760019DC9F /* Model */,
				FCFE9E1218B51F6A0019DC9F /* Tasks */,
				FCFE9E1418B51F900019DC9F /* Delegate */,
				FCFE9DCE18B506820019DC9F /* Main.storyboard */,
				FC73484018BA1D2100C05E65 /* Settings */,
				FC73483218B89FF200C05E65 /* Home */,
				FCFE9E2318B5D9AE0019DC9F /* Task Details */,
				FCFE9E1C18B545CB0019DC9F /* New Task */,
				FCFE9DD418B506820019DC9F /* Images.xcassets */,
				FCFE9DC318B506820019DC9F /* Supporting Files */,
			);
			path = RoomieParse;
			sourceTree = "<group>";
		};
		FCFE9DC318B506820019DC9F /* Supporting Files */ = {
			isa = PBXGroup;
			children = (
				FCF243EB18BBBDB800AC4306 /* karma.png */,
				FC73485318BA77BC00C05E65 /* icon-ios7-gear-outline.png */,
				FC73484D18BA76BB00C05E65 /* icon-home.png */,
				FC73484B18BA5C8300C05E65 /* close.png */,
				FC73484718BA56C900C05E65 /* purple_signup.png */,
				FC73484818BA56C900C05E65 /* purple.png */,
				FCFE9DC418B506820019DC9F /* RoomieParse-Info.plist */,
				FCFE9DC518B506820019DC9F /* InfoPlist.strings */,
				FCFE9DC818B506820019DC9F /* main.m */,
				FCFE9DCA18B506820019DC9F /* RoomieParse-Prefix.pch */,
			);
			name = "Supporting Files";
			sourceTree = "<group>";
		};
		FCFE9DE118B506820019DC9F /* RoomieParseTests */ = {
			isa = PBXGroup;
			children = (
				FCFE9DE718B506820019DC9F /* RoomieParseTests.m */,
				FCFE9DE218B506820019DC9F /* Supporting Files */,
			);
			path = RoomieParseTests;
			sourceTree = "<group>";
		};
		FCFE9DE218B506820019DC9F /* Supporting Files */ = {
			isa = PBXGroup;
			children = (
				FCFE9DE318B506820019DC9F /* RoomieParseTests-Info.plist */,
				FCFE9DE418B506820019DC9F /* InfoPlist.strings */,
			);
			name = "Supporting Files";
			sourceTree = "<group>";
		};
		FCFE9E1118B51F620019DC9F /* Login */ = {
			isa = PBXGroup;
			children = (
				FCFE9E0E18B51F5B0019DC9F /* LoginViewController.h */,
				FCFE9E0F18B51F5B0019DC9F /* LoginViewController.m */,
			);
			name = Login;
			sourceTree = "<group>";
		};
		FCFE9E1218B51F6A0019DC9F /* Tasks */ = {
			isa = PBXGroup;
			children = (
				FCFE9E0B18B50CD20019DC9F /* TaskViewController.h */,
				FCFE9E0C18B50CD20019DC9F /* TaskViewController.m */,
			);
			name = Tasks;
			sourceTree = "<group>";
		};
		FCFE9E1318B51F760019DC9F /* Model */ = {
			isa = PBXGroup;
			children = (
				FCFE9E0118B507610019DC9F /* Task.h */,
				FCFE9E0218B507610019DC9F /* Task.m */,
				FCFE9E0318B507610019DC9F /* Roommate.h */,
				FCFE9E0418B507610019DC9F /* Roommate.m */,
			);
			name = Model;
			sourceTree = "<group>";
		};
		FCFE9E1418B51F900019DC9F /* Delegate */ = {
			isa = PBXGroup;
			children = (
				FCFE9DCB18B506820019DC9F /* AppDelegate.h */,
				FCFE9DCC18B506820019DC9F /* AppDelegate.m */,
			);
			name = Delegate;
			sourceTree = "<group>";
		};
		FCFE9E1818B53DEB0019DC9F /* Sign Up */ = {
			isa = PBXGroup;
			children = (
				FCFE9E1518B53DE40019DC9F /* SignUpViewController.h */,
				FCFE9E1618B53DE40019DC9F /* SignUpViewController.m */,
			);
			name = "Sign Up";
			sourceTree = "<group>";
		};
		FCFE9E1C18B545CB0019DC9F /* New Task */ = {
			isa = PBXGroup;
			children = (
				FCFE9E1D18B546530019DC9F /* NewTaskViewController.h */,
				FCFE9E1E18B546530019DC9F /* NewTaskViewController.m */,
			);
			name = "New Task";
			sourceTree = "<group>";
		};
		FCFE9E2318B5D9AE0019DC9F /* Task Details */ = {
			isa = PBXGroup;
			children = (
				FCFE9E2818B5DE480019DC9F /* TaskDetailViewController.h */,
				FCFE9E2918B5DE480019DC9F /* TaskDetailViewController.m */,
			);
			name = "Task Details";
			path = ..;
			sourceTree = "<group>";
		};
		FCFE9E8618B89EF10019DC9F /* HMSegmentedControl */ = {
			isa = PBXGroup;
			children = (
				FCFE9E8718B89EF10019DC9F /* HMSegmentedControl.h */,
				FCFE9E8818B89EF10019DC9F /* HMSegmentedControl.m */,
			);
			path = HMSegmentedControl;
			sourceTree = "<group>";
		};
/* End PBXGroup section */

/* Begin PBXNativeTarget section */
		FCFE9DB818B506820019DC9F /* RoomieParse */ = {
			isa = PBXNativeTarget;
			buildConfigurationList = FCFE9DEB18B506820019DC9F /* Build configuration list for PBXNativeTarget "RoomieParse" */;
			buildPhases = (
				FCFE9DB518B506820019DC9F /* Sources */,
				FCFE9DB618B506820019DC9F /* Frameworks */,
				FCFE9DB718B506820019DC9F /* Resources */,
			);
			buildRules = (
			);
			dependencies = (
			);
			name = RoomieParse;
			productName = RoomieParse;
			productReference = FCFE9DB918B506820019DC9F /* RoomieParse.app */;
			productType = "com.apple.product-type.application";
		};
		FCFE9DD918B506820019DC9F /* RoomieParseTests */ = {
			isa = PBXNativeTarget;
			buildConfigurationList = FCFE9DEE18B506820019DC9F /* Build configuration list for PBXNativeTarget "RoomieParseTests" */;
			buildPhases = (
				FCFE9DD618B506820019DC9F /* Sources */,
				FCFE9DD718B506820019DC9F /* Frameworks */,
				FCFE9DD818B506820019DC9F /* Resources */,
			);
			buildRules = (
			);
			dependencies = (
				FCFE9DE018B506820019DC9F /* PBXTargetDependency */,
			);
			name = RoomieParseTests;
			productName = RoomieParseTests;
			productReference = FCFE9DDA18B506820019DC9F /* RoomieParseTests.xctest */;
			productType = "com.apple.product-type.bundle.unit-test";
		};
/* End PBXNativeTarget section */

/* Begin PBXProject section */
		FCFE9DB118B506820019DC9F /* Project object */ = {
			isa = PBXProject;
			attributes = {
				LastUpgradeCheck = 0510;
				ORGANIZATIONNAME = "Dylan Bourgeois";
				TargetAttributes = {
					FCFE9DD918B506820019DC9F = {
						TestTargetID = FCFE9DB818B506820019DC9F;
					};
				};
			};
			buildConfigurationList = FCFE9DB418B506820019DC9F /* Build configuration list for PBXProject "RoomieParse" */;
			compatibilityVersion = "Xcode 3.2";
			developmentRegion = English;
			hasScannedForEncodings = 0;
			knownRegions = (
				en,
				Base,
			);
			mainGroup = FCFE9DB018B506820019DC9F;
			productRefGroup = FCFE9DBA18B506820019DC9F /* Products */;
			projectDirPath = "";
			projectRoot = "";
			targets = (
				FCFE9DB818B506820019DC9F /* RoomieParse */,
				FCFE9DD918B506820019DC9F /* RoomieParseTests */,
			);
		};
/* End PBXProject section */

/* Begin PBXResourcesBuildPhase section */
		FCFE9DB718B506820019DC9F /* Resources */ = {
			isa = PBXResourcesBuildPhase;
			buildActionMask = 2147483647;
			files = (
				FC73485418BA77BC00C05E65 /* icon-ios7-gear-outline.png in Resources */,
				FCFE9DD518B506820019DC9F /* Images.xcassets in Resources */,
				FC73484A18BA56C900C05E65 /* purple.png in Resources */,
				FC73484C18BA5C8300C05E65 /* close.png in Resources */,
				FCFE9DC718B506820019DC9F /* InfoPlist.strings in Resources */,
				FC73484E18BA76BB00C05E65 /* icon-home.png in Resources */,
				FCF243EC18BBBDB800AC4306 /* karma.png in Resources */,
				FC73484918BA56C900C05E65 /* purple_signup.png in Resources */,
				FCFE9DD018B506820019DC9F /* Main.storyboard in Resources */,
			);
			runOnlyForDeploymentPostprocessing = 0;
		};
		FCFE9DD818B506820019DC9F /* Resources */ = {
			isa = PBXResourcesBuildPhase;
			buildActionMask = 2147483647;
			files = (
				FCFE9DE618B506820019DC9F /* InfoPlist.strings in Resources */,
			);
			runOnlyForDeploymentPostprocessing = 0;
		};
/* End PBXResourcesBuildPhase section */

/* Begin PBXSourcesBuildPhase section */
		FCFE9DB518B506820019DC9F /* Sources */ = {
			isa = PBXSourcesBuildPhase;
			buildActionMask = 2147483647;
			files = (
				FCFE9E0518B507610019DC9F /* Task.m in Sources */,
				FCFE9DCD18B506820019DC9F /* AppDelegate.m in Sources */,
				FCFE9E1018B51F5B0019DC9F /* LoginViewController.m in Sources */,
				FCFE9E0D18B50CD20019DC9F /* TaskViewController.m in Sources */,
				FCFE9DC918B506820019DC9F /* main.m in Sources */,
				FCFE9E1718B53DE40019DC9F /* SignUpViewController.m in Sources */,
				FC73483118B89FED00C05E65 /* HomeViewController.m in Sources */,
				FCFE9E1F18B546530019DC9F /* NewTaskViewController.m in Sources */,
				FC73483618B8E8E000C05E65 /* EFCircularSlider.m in Sources */,
				FC73483918B943F700C05E65 /* IBActionSheet.m in Sources */,
				FCFE9E2A18B5DE480019DC9F /* TaskDetailViewController.m in Sources */,
				FCFE9E0618B507610019DC9F /* Roommate.m in Sources */,
				FCFE9E8918B89EF10019DC9F /* HMSegmentedControl.m in Sources */,
				FC73483F18BA1D1C00C05E65 /* SettingsViewController.m in Sources */,
			);
			runOnlyForDeploymentPostprocessing = 0;
		};
		FCFE9DD618B506820019DC9F /* Sources */ = {
			isa = PBXSourcesBuildPhase;
			buildActionMask = 2147483647;
			files = (
				FCFE9DE818B506820019DC9F /* RoomieParseTests.m in Sources */,
			);
			runOnlyForDeploymentPostprocessing = 0;
		};
/* End PBXSourcesBuildPhase section */

/* Begin PBXTargetDependency section */
		FCFE9DE018B506820019DC9F /* PBXTargetDependency */ = {
			isa = PBXTargetDependency;
			target = FCFE9DB818B506820019DC9F /* RoomieParse */;
			targetProxy = FCFE9DDF18B506820019DC9F /* PBXContainerItemProxy */;
		};
/* End PBXTargetDependency section */

/* Begin PBXVariantGroup section */
		FCFE9DC518B506820019DC9F /* InfoPlist.strings */ = {
			isa = PBXVariantGroup;
			children = (
				FCFE9DC618B506820019DC9F /* en */,
			);
			name = InfoPlist.strings;
			sourceTree = "<group>";
		};
		FCFE9DCE18B506820019DC9F /* Main.storyboard */ = {
			isa = PBXVariantGroup;
			children = (
				FCFE9DCF18B506820019DC9F /* Base */,
			);
			name = Main.storyboard;
			sourceTree = "<group>";
		};
		FCFE9DE418B506820019DC9F /* InfoPlist.strings */ = {
			isa = PBXVariantGroup;
			children = (
				FCFE9DE518B506820019DC9F /* en */,
			);
			name = InfoPlist.strings;
			sourceTree = "<group>";
		};
/* End PBXVariantGroup section */

/* Begin XCBuildConfiguration section */
		FCFE9DE918B506820019DC9F /* Debug */ = {
			isa = XCBuildConfiguration;
			buildSettings = {
				ALWAYS_SEARCH_USER_PATHS = NO;
				CLANG_CXX_LANGUAGE_STANDARD = "gnu++0x";
				CLANG_CXX_LIBRARY = "libc++";
				CLANG_ENABLE_MODULES = YES;
				CLANG_ENABLE_OBJC_ARC = YES;
				CLANG_WARN_BOOL_CONVERSION = YES;
				CLANG_WARN_CONSTANT_CONVERSION = YES;
				CLANG_WARN_DIRECT_OBJC_ISA_USAGE = YES_ERROR;
				CLANG_WARN_EMPTY_BODY = YES;
				CLANG_WARN_ENUM_CONVERSION = YES;
				CLANG_WARN_INT_CONVERSION = YES;
				CLANG_WARN_OBJC_ROOT_CLASS = YES_ERROR;
				CLANG_WARN__DUPLICATE_METHOD_MATCH = YES;
				"CODE_SIGN_IDENTITY[sdk=iphoneos*]" = "iPhone Developer";
				COPY_PHASE_STRIP = NO;
				GCC_C_LANGUAGE_STANDARD = gnu99;
				GCC_DYNAMIC_NO_PIC = NO;
				GCC_OPTIMIZATION_LEVEL = 0;
				GCC_PREPROCESSOR_DEFINITIONS = (
					"DEBUG=1",
					"$(inherited)",
				);
				GCC_SYMBOLS_PRIVATE_EXTERN = NO;
				GCC_WARN_64_TO_32_BIT_CONVERSION = YES;
				GCC_WARN_ABOUT_RETURN_TYPE = YES_ERROR;
				GCC_WARN_UNDECLARED_SELECTOR = YES;
				GCC_WARN_UNINITIALIZED_AUTOS = YES_AGGRESSIVE;
				GCC_WARN_UNUSED_FUNCTION = YES;
				GCC_WARN_UNUSED_VARIABLE = YES;
				IPHONEOS_DEPLOYMENT_TARGET = 7.1;
				ONLY_ACTIVE_ARCH = YES;
				SDKROOT = iphoneos;
			};
			name = Debug;
		};
		FCFE9DEA18B506820019DC9F /* Release */ = {
			isa = XCBuildConfiguration;
			buildSettings = {
				ALWAYS_SEARCH_USER_PATHS = NO;
				CLANG_CXX_LANGUAGE_STANDARD = "gnu++0x";
				CLANG_CXX_LIBRARY = "libc++";
				CLANG_ENABLE_MODULES = YES;
				CLANG_ENABLE_OBJC_ARC = YES;
				CLANG_WARN_BOOL_CONVERSION = YES;
				CLANG_WARN_CONSTANT_CONVERSION = YES;
				CLANG_WARN_DIRECT_OBJC_ISA_USAGE = YES_ERROR;
				CLANG_WARN_EMPTY_BODY = YES;
				CLANG_WARN_ENUM_CONVERSION = YES;
				CLANG_WARN_INT_CONVERSION = YES;
				CLANG_WARN_OBJC_ROOT_CLASS = YES_ERROR;
				CLANG_WARN__DUPLICATE_METHOD_MATCH = YES;
				"CODE_SIGN_IDENTITY[sdk=iphoneos*]" = "iPhone Developer";
				COPY_PHASE_STRIP = YES;
				ENABLE_NS_ASSERTIONS = NO;
				GCC_C_LANGUAGE_STANDARD = gnu99;
				GCC_WARN_64_TO_32_BIT_CONVERSION = YES;
				GCC_WARN_ABOUT_RETURN_TYPE = YES_ERROR;
				GCC_WARN_UNDECLARED_SELECTOR = YES;
				GCC_WARN_UNINITIALIZED_AUTOS = YES_AGGRESSIVE;
				GCC_WARN_UNUSED_FUNCTION = YES;
				GCC_WARN_UNUSED_VARIABLE = YES;
				IPHONEOS_DEPLOYMENT_TARGET = 7.1;
				SDKROOT = iphoneos;
				VALIDATE_PRODUCT = YES;
			};
			name = Release;
		};
		FCFE9DEC18B506820019DC9F /* Debug */ = {
			isa = XCBuildConfiguration;
			buildSettings = {
				ARCHS = "$(ARCHS_STANDARD)";
				ASSETCATALOG_COMPILER_APPICON_NAME = AppIcon;
				ASSETCATALOG_COMPILER_LAUNCHIMAGE_NAME = LaunchImage;
				FRAMEWORK_SEARCH_PATHS = (
					"$(inherited)",
					"$(PROJECT_DIR)",
				);
				GCC_PRECOMPILE_PREFIX_HEADER = YES;
				GCC_PREFIX_HEADER = "RoomieParse/RoomieParse-Prefix.pch";
				INFOPLIST_FILE = "RoomieParse/RoomieParse-Info.plist";
				PRODUCT_NAME = "$(TARGET_NAME)";
				WRAPPER_EXTENSION = app;
			};
			name = Debug;
		};
		FCFE9DED18B506820019DC9F /* Release */ = {
			isa = XCBuildConfiguration;
			buildSettings = {
				ARCHS = "$(ARCHS_STANDARD)";
				ASSETCATALOG_COMPILER_APPICON_NAME = AppIcon;
				ASSETCATALOG_COMPILER_LAUNCHIMAGE_NAME = LaunchImage;
				FRAMEWORK_SEARCH_PATHS = (
					"$(inherited)",
					"$(PROJECT_DIR)",
				);
				GCC_PRECOMPILE_PREFIX_HEADER = YES;
				GCC_PREFIX_HEADER = "RoomieParse/RoomieParse-Prefix.pch";
				INFOPLIST_FILE = "RoomieParse/RoomieParse-Info.plist";
				PRODUCT_NAME = "$(TARGET_NAME)";
				WRAPPER_EXTENSION = app;
			};
			name = Release;
		};
		FCFE9DEF18B506820019DC9F /* Debug */ = {
			isa = XCBuildConfiguration;
			buildSettings = {
				BUNDLE_LOADER = "$(BUILT_PRODUCTS_DIR)/RoomieParse.app/RoomieParse";
				FRAMEWORK_SEARCH_PATHS = (
					"$(SDKROOT)/Developer/Library/Frameworks",
					"$(inherited)",
					"$(DEVELOPER_FRAMEWORKS_DIR)",
				);
				GCC_PRECOMPILE_PREFIX_HEADER = YES;
				GCC_PREFIX_HEADER = "RoomieParse/RoomieParse-Prefix.pch";
				GCC_PREPROCESSOR_DEFINITIONS = (
					"DEBUG=1",
					"$(inherited)",
				);
				INFOPLIST_FILE = "RoomieParseTests/RoomieParseTests-Info.plist";
				PRODUCT_NAME = "$(TARGET_NAME)";
				TEST_HOST = "$(BUNDLE_LOADER)";
				WRAPPER_EXTENSION = xctest;
			};
			name = Debug;
		};
		FCFE9DF018B506820019DC9F /* Release */ = {
			isa = XCBuildConfiguration;
			buildSettings = {
				BUNDLE_LOADER = "$(BUILT_PRODUCTS_DIR)/RoomieParse.app/RoomieParse";
				FRAMEWORK_SEARCH_PATHS = (
					"$(SDKROOT)/Developer/Library/Frameworks",
					"$(inherited)",
					"$(DEVELOPER_FRAMEWORKS_DIR)",
				);
				GCC_PRECOMPILE_PREFIX_HEADER = YES;
				GCC_PREFIX_HEADER = "RoomieParse/RoomieParse-Prefix.pch";
				INFOPLIST_FILE = "RoomieParseTests/RoomieParseTests-Info.plist";
				PRODUCT_NAME = "$(TARGET_NAME)";
				TEST_HOST = "$(BUNDLE_LOADER)";
				WRAPPER_EXTENSION = xctest;
			};
			name = Release;
		};
/* End XCBuildConfiguration section */

/* Begin XCConfigurationList section */
		FCFE9DB418B506820019DC9F /* Build configuration list for PBXProject "RoomieParse" */ = {
			isa = XCConfigurationList;
			buildConfigurations = (
				FCFE9DE918B506820019DC9F /* Debug */,
				FCFE9DEA18B506820019DC9F /* Release */,
			);
			defaultConfigurationIsVisible = 0;
			defaultConfigurationName = Release;
		};
		FCFE9DEB18B506820019DC9F /* Build configuration list for PBXNativeTarget "RoomieParse" */ = {
			isa = XCConfigurationList;
			buildConfigurations = (
				FCFE9DEC18B506820019DC9F /* Debug */,
				FCFE9DED18B506820019DC9F /* Release */,
			);
			defaultConfigurationIsVisible = 0;
			defaultConfigurationName = Release;
		};
		FCFE9DEE18B506820019DC9F /* Build configuration list for PBXNativeTarget "RoomieParseTests" */ = {
			isa = XCConfigurationList;
			buildConfigurations = (
				FCFE9DEF18B506820019DC9F /* Debug */,
				FCFE9DF018B506820019DC9F /* Release */,
			);
			defaultConfigurationIsVisible = 0;
			defaultConfigurationName = Release;
		};
/* End XCConfigurationList section */
	};
	rootObject = FCFE9DB118B506820019DC9F /* Project object */;
}
