// !$*UTF8*$!
{
	archiveVersion = 1;
	classes = {
	};
	objectVersion = 46;
	objects = {

/* Begin PBXBuildFile section */
		FC51CD1918D257E80096013B /* Koala_yoda_cane.gif in Resources */ = {isa = PBXBuildFile; fileRef = FC51CD1518D257E80096013B /* Koala_yoda_cane.gif */; };
		FC51CD1A18D257E80096013B /* koala_seated.gif in Resources */ = {isa = PBXBuildFile; fileRef = FC51CD1618D257E80096013B /* koala_seated.gif */; };
		FC51CD1B18D257E80096013B /* koala_hip.gif in Resources */ = {isa = PBXBuildFile; fileRef = FC51CD1718D257E80096013B /* koala_hip.gif */; };
		FC51CD1C18D257E80096013B /* koala_yoda_swrd.gif in Resources */ = {isa = PBXBuildFile; fileRef = FC51CD1818D257E80096013B /* koala_yoda_swrd.gif */; };
		FC73483118B89FED00C05E65 /* HomeViewController.m in Sources */ = {isa = PBXBuildFile; fileRef = FC73483018B89FED00C05E65 /* HomeViewController.m */; };
		FC73483618B8E8E000C05E65 /* EFCircularSlider.m in Sources */ = {isa = PBXBuildFile; fileRef = FC73483518B8E8E000C05E65 /* EFCircularSlider.m */; };
		FC73483918B943F700C05E65 /* IBActionSheet.m in Sources */ = {isa = PBXBuildFile; fileRef = FC73483818B943F700C05E65 /* IBActionSheet.m */; };
		FC73483F18BA1D1C00C05E65 /* SettingsViewController.m in Sources */ = {isa = PBXBuildFile; fileRef = FC73483E18BA1D1C00C05E65 /* SettingsViewController.m */; };
		FC73484918BA56C900C05E65 /* purple_signup.png in Resources */ = {isa = PBXBuildFile; fileRef = FC73484718BA56C900C05E65 /* purple_signup.png */; };
		FC73484A18BA56C900C05E65 /* purple.png in Resources */ = {isa = PBXBuildFile; fileRef = FC73484818BA56C900C05E65 /* purple.png */; };
		FC73484C18BA5C8300C05E65 /* close.png in Resources */ = {isa = PBXBuildFile; fileRef = FC73484B18BA5C8300C05E65 /* close.png */; };
		FC73484E18BA76BB00C05E65 /* icon-home.png in Resources */ = {isa = PBXBuildFile; fileRef = FC73484D18BA76BB00C05E65 /* icon-home.png */; };
		FC73485418BA77BC00C05E65 /* icon-ios7-gear-outline.png in Resources */ = {isa = PBXBuildFile; fileRef = FC73485318BA77BC00C05E65 /* icon-ios7-gear-outline.png */; };
		FCAAA9E318DF96FC00E3A54B /* Settings.bundle in Resources */ = {isa = PBXBuildFile; fileRef = FCAAA9E218DF96FC00E3A54B /* Settings.bundle */; };
		FCBC9FA118C2038B00744065 /* LeftSideMenu_Tag.png in Resources */ = {isa = PBXBuildFile; fileRef = FCBC9FA018C2038B00744065 /* LeftSideMenu_Tag.png */; };
		FCBC9FA518C2040F00744065 /* plus.png in Resources */ = {isa = PBXBuildFile; fileRef = FCBC9FA418C2040F00744065 /* plus.png */; };
		FCBC9FAC18C3613F00744065 /* DOAutocompleteTextField.m in Sources */ = {isa = PBXBuildFile; fileRef = FCBC9FAB18C3613F00744065 /* DOAutocompleteTextField.m */; };
		FCBC9FBA18C63BF200744065 /* forgot.png in Resources */ = {isa = PBXBuildFile; fileRef = FCBC9FB918C63BF200744065 /* forgot.png */; };
		FCBC9FC118C643C800744065 /* CoreText.framework in Frameworks */ = {isa = PBXBuildFile; fileRef = FCBC9FBF18C643C800744065 /* CoreText.framework */; };
		FCBC9FC218C643C800744065 /* UIKit.framework in Frameworks */ = {isa = PBXBuildFile; fileRef = FCBC9FC018C643C800744065 /* UIKit.framework */; };
		FCBC9FC818C6444400744065 /* HockeySDK.framework in Frameworks */ = {isa = PBXBuildFile; fileRef = FCBC9FC418C6444400744065 /* HockeySDK.framework */; };
		FCBC9FC918C6444500744065 /* HockeySDK.xcconfig in Resources */ = {isa = PBXBuildFile; fileRef = FCBC9FC618C6444400744065 /* HockeySDK.xcconfig */; };
		FCBC9FCA18C6444500744065 /* HockeySDKResources.bundle in Resources */ = {isa = PBXBuildFile; fileRef = FCBC9FC718C6444400744065 /* HockeySDKResources.bundle */; };
		FCF243E618BB7B9800AC4306 /* Parse.framework in Frameworks */ = {isa = PBXBuildFile; fileRef = FCF243E518BB7B9800AC4306 /* Parse.framework */; };
		FCF2441518BD0F5F00AC4306 /* FUIAlertView.m in Sources */ = {isa = PBXBuildFile; fileRef = FCF243F018BD0F5F00AC4306 /* FUIAlertView.m */; };
		FCF2441618BD0F5F00AC4306 /* FUIButton.m in Sources */ = {isa = PBXBuildFile; fileRef = FCF243F218BD0F5F00AC4306 /* FUIButton.m */; };
		FCF2441718BD0F5F00AC4306 /* FUICellBackgroundView.m in Sources */ = {isa = PBXBuildFile; fileRef = FCF243F418BD0F5F00AC4306 /* FUICellBackgroundView.m */; };
		FCF2441818BD0F5F00AC4306 /* FUIPopoverBackgroundView.m in Sources */ = {isa = PBXBuildFile; fileRef = FCF243F618BD0F5F00AC4306 /* FUIPopoverBackgroundView.m */; };
		FCF2441918BD0F5F00AC4306 /* FUISegmentedControl.m in Sources */ = {isa = PBXBuildFile; fileRef = FCF243F818BD0F5F00AC4306 /* FUISegmentedControl.m */; };
		FCF2441A18BD0F5F00AC4306 /* FUISwitch.m in Sources */ = {isa = PBXBuildFile; fileRef = FCF243FA18BD0F5F00AC4306 /* FUISwitch.m */; };
		FCF2441B18BD0F5F00AC4306 /* FUITextField.m in Sources */ = {isa = PBXBuildFile; fileRef = FCF243FC18BD0F5F00AC4306 /* FUITextField.m */; };
		FCF2441C18BD0F5F00AC4306 /* UIBarButtonItem+FlatUI.m in Sources */ = {isa = PBXBuildFile; fileRef = FCF243FE18BD0F5F00AC4306 /* UIBarButtonItem+FlatUI.m */; };
		FCF2441D18BD0F5F00AC4306 /* UIColor+FlatUI.m in Sources */ = {isa = PBXBuildFile; fileRef = FCF2440018BD0F5F00AC4306 /* UIColor+FlatUI.m */; };
		FCF2441E18BD0F5F00AC4306 /* UIFont+FlatUI.m in Sources */ = {isa = PBXBuildFile; fileRef = FCF2440218BD0F5F00AC4306 /* UIFont+FlatUI.m */; };
		FCF2441F18BD0F5F00AC4306 /* UIImage+FlatUI.m in Sources */ = {isa = PBXBuildFile; fileRef = FCF2440418BD0F5F00AC4306 /* UIImage+FlatUI.m */; };
		FCF2442018BD0F5F00AC4306 /* UINavigationBar+FlatUI.m in Sources */ = {isa = PBXBuildFile; fileRef = FCF2440618BD0F5F00AC4306 /* UINavigationBar+FlatUI.m */; };
		FCF2442118BD0F5F00AC4306 /* UIPopoverController+FlatUI.m in Sources */ = {isa = PBXBuildFile; fileRef = FCF2440818BD0F5F00AC4306 /* UIPopoverController+FlatUI.m */; };
		FCF2442218BD0F5F00AC4306 /* UIProgressView+FlatUI.m in Sources */ = {isa = PBXBuildFile; fileRef = FCF2440A18BD0F5F00AC4306 /* UIProgressView+FlatUI.m */; };
		FCF2442318BD0F5F00AC4306 /* UISlider+FlatUI.m in Sources */ = {isa = PBXBuildFile; fileRef = FCF2440C18BD0F5F00AC4306 /* UISlider+FlatUI.m */; };
		FCF2442418BD0F5F00AC4306 /* UIStepper+FlatUI.m in Sources */ = {isa = PBXBuildFile; fileRef = FCF2440E18BD0F5F00AC4306 /* UIStepper+FlatUI.m */; };
		FCF2442518BD0F5F00AC4306 /* UITabBar+FlatUI.m in Sources */ = {isa = PBXBuildFile; fileRef = FCF2441018BD0F5F00AC4306 /* UITabBar+FlatUI.m */; };
		FCF2442618BD0F5F00AC4306 /* UITableViewCell+FlatUI.m in Sources */ = {isa = PBXBuildFile; fileRef = FCF2441218BD0F5F00AC4306 /* UITableViewCell+FlatUI.m */; };
		FCF2442718BD0F5F00AC4306 /* UIToolbar+FlatUI.m in Sources */ = {isa = PBXBuildFile; fileRef = FCF2441418BD0F5F00AC4306 /* UIToolbar+FlatUI.m */; };
		FCF2442A18BD1F0E00AC4306 /* Reachability.m in Sources */ = {isa = PBXBuildFile; fileRef = FCF2442918BD1F0E00AC4306 /* Reachability.m */; };
		FCFE9DBD18B506820019DC9F /* Foundation.framework in Frameworks */ = {isa = PBXBuildFile; fileRef = FCFE9DBC18B506820019DC9F /* Foundation.framework */; };
		FCFE9DBF18B506820019DC9F /* CoreGraphics.framework in Frameworks */ = {isa = PBXBuildFile; fileRef = FCFE9DBE18B506820019DC9F /* CoreGraphics.framework */; };
		FCFE9DC718B506820019DC9F /* InfoPlist.strings in Resources */ = {isa = PBXBuildFile; fileRef = FCFE9DC518B506820019DC9F /* InfoPlist.strings */; };
		FCFE9DC918B506820019DC9F /* main.m in Sources */ = {isa = PBXBuildFile; fileRef = FCFE9DC818B506820019DC9F /* main.m */; };
		FCFE9DCD18B506820019DC9F /* AppDelegate.m in Sources */ = {isa = PBXBuildFile; fileRef = FCFE9DCC18B506820019DC9F /* AppDelegate.m */; };
		FCFE9DD018B506820019DC9F /* Main.storyboard in Resources */ = {isa = PBXBuildFile; fileRef = FCFE9DCE18B506820019DC9F /* Main.storyboard */; };
		FCFE9DD518B506820019DC9F /* Images.xcassets in Resources */ = {isa = PBXBuildFile; fileRef = FCFE9DD418B506820019DC9F /* Images.xcassets */; };
		FCFE9DDC18B506820019DC9F /* XCTest.framework in Frameworks */ = {isa = PBXBuildFile; fileRef = FCFE9DDB18B506820019DC9F /* XCTest.framework */; };
		FCFE9DDD18B506820019DC9F /* Foundation.framework in Frameworks */ = {isa = PBXBuildFile; fileRef = FCFE9DBC18B506820019DC9F /* Foundation.framework */; };
		FCFE9DE618B506820019DC9F /* InfoPlist.strings in Resources */ = {isa = PBXBuildFile; fileRef = FCFE9DE418B506820019DC9F /* InfoPlist.strings */; };
		FCFE9DE818B506820019DC9F /* RoomieParseTests.m in Sources */ = {isa = PBXBuildFile; fileRef = FCFE9DE718B506820019DC9F /* RoomieParseTests.m */; };
		FCFE9DFA18B506FC0019DC9F /* AudioToolbox.framework in Frameworks */ = {isa = PBXBuildFile; fileRef = FCFE9DF318B506FC0019DC9F /* AudioToolbox.framework */; };
		FCFE9DFB18B506FC0019DC9F /* libz.dylib in Frameworks */ = {isa = PBXBuildFile; fileRef = FCFE9DF418B506FC0019DC9F /* libz.dylib */; };
		FCFE9DFC18B506FC0019DC9F /* MobileCoreServices.framework in Frameworks */ = {isa = PBXBuildFile; fileRef = FCFE9DF518B506FC0019DC9F /* MobileCoreServices.framework */; };
		FCFE9DFD18B506FC0019DC9F /* QuartzCore.framework in Frameworks */ = {isa = PBXBuildFile; fileRef = FCFE9DF618B506FC0019DC9F /* QuartzCore.framework */; };
		FCFE9DFE18B506FC0019DC9F /* Security.framework in Frameworks */ = {isa = PBXBuildFile; fileRef = FCFE9DF718B506FC0019DC9F /* Security.framework */; };
		FCFE9DFF18B506FC0019DC9F /* StoreKit.framework in Frameworks */ = {isa = PBXBuildFile; fileRef = FCFE9DF818B506FC0019DC9F /* StoreKit.framework */; };
		FCFE9E0018B506FC0019DC9F /* SystemConfiguration.framework in Frameworks */ = {isa = PBXBuildFile; fileRef = FCFE9DF918B506FC0019DC9F /* SystemConfiguration.framework */; };
		FCFE9E0D18B50CD20019DC9F /* TaskViewController.m in Sources */ = {isa = PBXBuildFile; fileRef = FCFE9E0C18B50CD20019DC9F /* TaskViewController.m */; };
		FCFE9E1018B51F5B0019DC9F /* LoginViewController.m in Sources */ = {isa = PBXBuildFile; fileRef = FCFE9E0F18B51F5B0019DC9F /* LoginViewController.m */; };
		FCFE9E1718B53DE40019DC9F /* SignUpViewController.m in Sources */ = {isa = PBXBuildFile; fileRef = FCFE9E1618B53DE40019DC9F /* SignUpViewController.m */; };
		FCFE9E1F18B546530019DC9F /* NewTaskViewController.m in Sources */ = {isa = PBXBuildFile; fileRef = FCFE9E1E18B546530019DC9F /* NewTaskViewController.m */; };
		FCFE9E2A18B5DE480019DC9F /* TaskDetailViewController.m in Sources */ = {isa = PBXBuildFile; fileRef = FCFE9E2918B5DE480019DC9F /* TaskDetailViewController.m */; };
		FCFE9E8918B89EF10019DC9F /* HMSegmentedControl.m in Sources */ = {isa = PBXBuildFile; fileRef = FCFE9E8818B89EF10019DC9F /* HMSegmentedControl.m */; };
/* End PBXBuildFile section */

/* Begin PBXContainerItemProxy section */
		FCFE9DDF18B506820019DC9F /* PBXContainerItemProxy */ = {
			isa = PBXContainerItemProxy;
			containerPortal = FCFE9DB118B506820019DC9F /* Project object */;
			proxyType = 1;
			remoteGlobalIDString = FCFE9DB818B506820019DC9F;
			remoteInfo = RoomieParse;
		};
/* End PBXContainerItemProxy section */

/* Begin PBXFileReference section */
		FC30826E18BF421D00E71EF5 /* UIKit.framework */ = {isa = PBXFileReference; lastKnownFileType = wrapper.framework; path = UIKit.framework; sourceTree = "<group>"; };
		FC51CD1518D257E80096013B /* Koala_yoda_cane.gif */ = {isa = PBXFileReference; lastKnownFileType = image.gif; path = Koala_yoda_cane.gif; sourceTree = "<group>"; };
		FC51CD1618D257E80096013B /* koala_seated.gif */ = {isa = PBXFileReference; lastKnownFileType = image.gif; path = koala_seated.gif; sourceTree = "<group>"; };
		FC51CD1718D257E80096013B /* koala_hip.gif */ = {isa = PBXFileReference; lastKnownFileType = image.gif; path = koala_hip.gif; sourceTree = "<group>"; };
		FC51CD1818D257E80096013B /* koala_yoda_swrd.gif */ = {isa = PBXFileReference; lastKnownFileType = image.gif; path = koala_yoda_swrd.gif; sourceTree = "<group>"; };
		FC51CD1D18DA434D0096013B /* ColorScheme.h */ = {isa = PBXFileReference; lastKnownFileType = sourcecode.c.h; path = ColorScheme.h; sourceTree = "<group>"; };
		FC73482F18B89FED00C05E65 /* HomeViewController.h */ = {isa = PBXFileReference; fileEncoding = 4; lastKnownFileType = sourcecode.c.h; path = HomeViewController.h; sourceTree = "<group>"; };
		FC73483018B89FED00C05E65 /* HomeViewController.m */ = {isa = PBXFileReference; fileEncoding = 4; lastKnownFileType = sourcecode.c.objc; path = HomeViewController.m; sourceTree = "<group>"; };
		FC73483418B8E8E000C05E65 /* EFCircularSlider.h */ = {isa = PBXFileReference; fileEncoding = 4; lastKnownFileType = sourcecode.c.h; path = EFCircularSlider.h; sourceTree = "<group>"; };
		FC73483518B8E8E000C05E65 /* EFCircularSlider.m */ = {isa = PBXFileReference; fileEncoding = 4; lastKnownFileType = sourcecode.c.objc; path = EFCircularSlider.m; sourceTree = "<group>"; };
		FC73483718B943F700C05E65 /* IBActionSheet.h */ = {isa = PBXFileReference; fileEncoding = 4; lastKnownFileType = sourcecode.c.h; path = IBActionSheet.h; sourceTree = "<group>"; };
		FC73483818B943F700C05E65 /* IBActionSheet.m */ = {isa = PBXFileReference; fileEncoding = 4; lastKnownFileType = sourcecode.c.objc; path = IBActionSheet.m; sourceTree = "<group>"; };
		FC73483D18BA1D1C00C05E65 /* SettingsViewController.h */ = {isa = PBXFileReference; fileEncoding = 4; lastKnownFileType = sourcecode.c.h; path = SettingsViewController.h; sourceTree = "<group>"; };
		FC73483E18BA1D1C00C05E65 /* SettingsViewController.m */ = {isa = PBXFileReference; fileEncoding = 4; lastKnownFileType = sourcecode.c.objc; path = SettingsViewController.m; sourceTree = "<group>"; };
		FC73484718BA56C900C05E65 /* purple_signup.png */ = {isa = PBXFileReference; lastKnownFileType = image.png; path = purple_signup.png; sourceTree = "<group>"; };
		FC73484818BA56C900C05E65 /* purple.png */ = {isa = PBXFileReference; lastKnownFileType = image.png; path = purple.png; sourceTree = "<group>"; };
		FC73484B18BA5C8300C05E65 /* close.png */ = {isa = PBXFileReference; lastKnownFileType = image.png; path = close.png; sourceTree = "<group>"; };
		FC73484D18BA76BB00C05E65 /* icon-home.png */ = {isa = PBXFileReference; lastKnownFileType = image.png; path = "icon-home.png"; sourceTree = "<group>"; };
		FC73485318BA77BC00C05E65 /* icon-ios7-gear-outline.png */ = {isa = PBXFileReference; lastKnownFileType = image.png; path = "icon-ios7-gear-outline.png"; sourceTree = "<group>"; };
		FCAAA9E218DF96FC00E3A54B /* Settings.bundle */ = {isa = PBXFileReference; lastKnownFileType = "wrapper.plug-in"; path = Settings.bundle; sourceTree = "<group>"; };
		FCBC9FA018C2038B00744065 /* LeftSideMenu_Tag.png */ = {isa = PBXFileReference; lastKnownFileType = image.png; path = LeftSideMenu_Tag.png; sourceTree = "<group>"; };
		FCBC9FA418C2040F00744065 /* plus.png */ = {isa = PBXFileReference; lastKnownFileType = image.png; path = plus.png; sourceTree = "<group>"; };
		FCBC9FAA18C3613F00744065 /* DOAutocompleteTextField.h */ = {isa = PBXFileReference; fileEncoding = 4; lastKnownFileType = sourcecode.c.h; path = DOAutocompleteTextField.h; sourceTree = "<group>"; };
		FCBC9FAB18C3613F00744065 /* DOAutocompleteTextField.m */ = {isa = PBXFileReference; fileEncoding = 4; lastKnownFileType = sourcecode.c.objc; path = DOAutocompleteTextField.m; sourceTree = "<group>"; };
		FCBC9FB918C63BF200744065 /* forgot.png */ = {isa = PBXFileReference; lastKnownFileType = image.png; path = forgot.png; sourceTree = "<group>"; };
		FCBC9FBF18C643C800744065 /* CoreText.framework */ = {isa = PBXFileReference; lastKnownFileType = wrapper.framework; name = CoreText.framework; path = System/Library/Frameworks/CoreText.framework; sourceTree = SDKROOT; };
		FCBC9FC018C643C800744065 /* UIKit.framework */ = {isa = PBXFileReference; lastKnownFileType = wrapper.framework; name = UIKit.framework; path = System/Library/Frameworks/UIKit.framework; sourceTree = SDKROOT; };
		FCBC9FC418C6444400744065 /* HockeySDK.framework */ = {isa = PBXFileReference; lastKnownFileType = wrapper.framework; path = HockeySDK.framework; sourceTree = "<group>"; };
		FCBC9FC618C6444400744065 /* HockeySDK.xcconfig */ = {isa = PBXFileReference; fileEncoding = 4; lastKnownFileType = text.xcconfig; path = HockeySDK.xcconfig; sourceTree = "<group>"; };
		FCBC9FC718C6444400744065 /* HockeySDKResources.bundle */ = {isa = PBXFileReference; lastKnownFileType = "wrapper.plug-in"; path = HockeySDKResources.bundle; sourceTree = "<group>"; };
		FCBC9FDD18CB465600744065 /* RoomieHeader.h */ = {isa = PBXFileReference; lastKnownFileType = sourcecode.c.h; path = RoomieHeader.h; sourceTree = "<group>"; };
		FCF243E518BB7B9800AC4306 /* Parse.framework */ = {isa = PBXFileReference; lastKnownFileType = wrapper.framework; path = Parse.framework; sourceTree = "<group>"; };
		FCF243EE18BD0F5F00AC4306 /* FlatUIKit.h */ = {isa = PBXFileReference; fileEncoding = 4; lastKnownFileType = sourcecode.c.h; path = FlatUIKit.h; sourceTree = "<group>"; };
		FCF243EF18BD0F5F00AC4306 /* FUIAlertView.h */ = {isa = PBXFileReference; fileEncoding = 4; lastKnownFileType = sourcecode.c.h; path = FUIAlertView.h; sourceTree = "<group>"; };
		FCF243F018BD0F5F00AC4306 /* FUIAlertView.m */ = {isa = PBXFileReference; fileEncoding = 4; lastKnownFileType = sourcecode.c.objc; path = FUIAlertView.m; sourceTree = "<group>"; };
		FCF243F118BD0F5F00AC4306 /* FUIButton.h */ = {isa = PBXFileReference; fileEncoding = 4; lastKnownFileType = sourcecode.c.h; path = FUIButton.h; sourceTree = "<group>"; };
		FCF243F218BD0F5F00AC4306 /* FUIButton.m */ = {isa = PBXFileReference; fileEncoding = 4; lastKnownFileType = sourcecode.c.objc; path = FUIButton.m; sourceTree = "<group>"; };
		FCF243F318BD0F5F00AC4306 /* FUICellBackgroundView.h */ = {isa = PBXFileReference; fileEncoding = 4; lastKnownFileType = sourcecode.c.h; path = FUICellBackgroundView.h; sourceTree = "<group>"; };
		FCF243F418BD0F5F00AC4306 /* FUICellBackgroundView.m */ = {isa = PBXFileReference; fileEncoding = 4; lastKnownFileType = sourcecode.c.objc; path = FUICellBackgroundView.m; sourceTree = "<group>"; };
		FCF243F518BD0F5F00AC4306 /* FUIPopoverBackgroundView.h */ = {isa = PBXFileReference; fileEncoding = 4; lastKnownFileType = sourcecode.c.h; path = FUIPopoverBackgroundView.h; sourceTree = "<group>"; };
		FCF243F618BD0F5F00AC4306 /* FUIPopoverBackgroundView.m */ = {isa = PBXFileReference; fileEncoding = 4; lastKnownFileType = sourcecode.c.objc; path = FUIPopoverBackgroundView.m; sourceTree = "<group>"; };
		FCF243F718BD0F5F00AC4306 /* FUISegmentedControl.h */ = {isa = PBXFileReference; fileEncoding = 4; lastKnownFileType = sourcecode.c.h; path = FUISegmentedControl.h; sourceTree = "<group>"; };
		FCF243F818BD0F5F00AC4306 /* FUISegmentedControl.m */ = {isa = PBXFileReference; fileEncoding = 4; lastKnownFileType = sourcecode.c.objc; path = FUISegmentedControl.m; sourceTree = "<group>"; };
		FCF243F918BD0F5F00AC4306 /* FUISwitch.h */ = {isa = PBXFileReference; fileEncoding = 4; lastKnownFileType = sourcecode.c.h; path = FUISwitch.h; sourceTree = "<group>"; };
		FCF243FA18BD0F5F00AC4306 /* FUISwitch.m */ = {isa = PBXFileReference; fileEncoding = 4; lastKnownFileType = sourcecode.c.objc; path = FUISwitch.m; sourceTree = "<group>"; };
		FCF243FB18BD0F5F00AC4306 /* FUITextField.h */ = {isa = PBXFileReference; fileEncoding = 4; lastKnownFileType = sourcecode.c.h; path = FUITextField.h; sourceTree = "<group>"; };
		FCF243FC18BD0F5F00AC4306 /* FUITextField.m */ = {isa = PBXFileReference; fileEncoding = 4; lastKnownFileType = sourcecode.c.objc; path = FUITextField.m; sourceTree = "<group>"; };
		FCF243FD18BD0F5F00AC4306 /* UIBarButtonItem+FlatUI.h */ = {isa = PBXFileReference; fileEncoding = 4; lastKnownFileType = sourcecode.c.h; path = "UIBarButtonItem+FlatUI.h"; sourceTree = "<group>"; };
		FCF243FE18BD0F5F00AC4306 /* UIBarButtonItem+FlatUI.m */ = {isa = PBXFileReference; fileEncoding = 4; lastKnownFileType = sourcecode.c.objc; path = "UIBarButtonItem+FlatUI.m"; sourceTree = "<group>"; };
		FCF243FF18BD0F5F00AC4306 /* UIColor+FlatUI.h */ = {isa = PBXFileReference; fileEncoding = 4; lastKnownFileType = sourcecode.c.h; path = "UIColor+FlatUI.h"; sourceTree = "<group>"; };
		FCF2440018BD0F5F00AC4306 /* UIColor+FlatUI.m */ = {isa = PBXFileReference; fileEncoding = 4; lastKnownFileType = sourcecode.c.objc; path = "UIColor+FlatUI.m"; sourceTree = "<group>"; };
		FCF2440118BD0F5F00AC4306 /* UIFont+FlatUI.h */ = {isa = PBXFileReference; fileEncoding = 4; lastKnownFileType = sourcecode.c.h; path = "UIFont+FlatUI.h"; sourceTree = "<group>"; };
		FCF2440218BD0F5F00AC4306 /* UIFont+FlatUI.m */ = {isa = PBXFileReference; fileEncoding = 4; lastKnownFileType = sourcecode.c.objc; path = "UIFont+FlatUI.m"; sourceTree = "<group>"; };
		FCF2440318BD0F5F00AC4306 /* UIImage+FlatUI.h */ = {isa = PBXFileReference; fileEncoding = 4; lastKnownFileType = sourcecode.c.h; path = "UIImage+FlatUI.h"; sourceTree = "<group>"; };
		FCF2440418BD0F5F00AC4306 /* UIImage+FlatUI.m */ = {isa = PBXFileReference; fileEncoding = 4; lastKnownFileType = sourcecode.c.objc; path = "UIImage+FlatUI.m"; sourceTree = "<group>"; };
		FCF2440518BD0F5F00AC4306 /* UINavigationBar+FlatUI.h */ = {isa = PBXFileReference; fileEncoding = 4; lastKnownFileType = sourcecode.c.h; path = "UINavigationBar+FlatUI.h"; sourceTree = "<group>"; };
		FCF2440618BD0F5F00AC4306 /* UINavigationBar+FlatUI.m */ = {isa = PBXFileReference; fileEncoding = 4; lastKnownFileType = sourcecode.c.objc; path = "UINavigationBar+FlatUI.m"; sourceTree = "<group>"; };
		FCF2440718BD0F5F00AC4306 /* UIPopoverController+FlatUI.h */ = {isa = PBXFileReference; fileEncoding = 4; lastKnownFileType = sourcecode.c.h; path = "UIPopoverController+FlatUI.h"; sourceTree = "<group>"; };
		FCF2440818BD0F5F00AC4306 /* UIPopoverController+FlatUI.m */ = {isa = PBXFileReference; fileEncoding = 4; lastKnownFileType = sourcecode.c.objc; path = "UIPopoverController+FlatUI.m"; sourceTree = "<group>"; };
		FCF2440918BD0F5F00AC4306 /* UIProgressView+FlatUI.h */ = {isa = PBXFileReference; fileEncoding = 4; lastKnownFileType = sourcecode.c.h; path = "UIProgressView+FlatUI.h"; sourceTree = "<group>"; };
		FCF2440A18BD0F5F00AC4306 /* UIProgressView+FlatUI.m */ = {isa = PBXFileReference; fileEncoding = 4; lastKnownFileType = sourcecode.c.objc; path = "UIProgressView+FlatUI.m"; sourceTree = "<group>"; };
		FCF2440B18BD0F5F00AC4306 /* UISlider+FlatUI.h */ = {isa = PBXFileReference; fileEncoding = 4; lastKnownFileType = sourcecode.c.h; path = "UISlider+FlatUI.h"; sourceTree = "<group>"; };
		FCF2440C18BD0F5F00AC4306 /* UISlider+FlatUI.m */ = {isa = PBXFileReference; fileEncoding = 4; lastKnownFileType = sourcecode.c.objc; path = "UISlider+FlatUI.m"; sourceTree = "<group>"; };
		FCF2440D18BD0F5F00AC4306 /* UIStepper+FlatUI.h */ = {isa = PBXFileReference; fileEncoding = 4; lastKnownFileType = sourcecode.c.h; path = "UIStepper+FlatUI.h"; sourceTree = "<group>"; };
		FCF2440E18BD0F5F00AC4306 /* UIStepper+FlatUI.m */ = {isa = PBXFileReference; fileEncoding = 4; lastKnownFileType = sourcecode.c.objc; path = "UIStepper+FlatUI.m"; sourceTree = "<group>"; };
		FCF2440F18BD0F5F00AC4306 /* UITabBar+FlatUI.h */ = {isa = PBXFileReference; fileEncoding = 4; lastKnownFileType = sourcecode.c.h; path = "UITabBar+FlatUI.h"; sourceTree = "<group>"; };
		FCF2441018BD0F5F00AC4306 /* UITabBar+FlatUI.m */ = {isa = PBXFileReference; fileEncoding = 4; lastKnownFileType = sourcecode.c.objc; path = "UITabBar+FlatUI.m"; sourceTree = "<group>"; };
		FCF2441118BD0F5F00AC4306 /* UITableViewCell+FlatUI.h */ = {isa = PBXFileReference; fileEncoding = 4; lastKnownFileType = sourcecode.c.h; path = "UITableViewCell+FlatUI.h"; sourceTree = "<group>"; };
		FCF2441218BD0F5F00AC4306 /* UITableViewCell+FlatUI.m */ = {isa = PBXFileReference; fileEncoding = 4; lastKnownFileType = sourcecode.c.objc; path = "UITableViewCell+FlatUI.m"; sourceTree = "<group>"; };
		FCF2441318BD0F5F00AC4306 /* UIToolbar+FlatUI.h */ = {isa = PBXFileReference; fileEncoding = 4; lastKnownFileType = sourcecode.c.h; path = "UIToolbar+FlatUI.h"; sourceTree = "<group>"; };
		FCF2441418BD0F5F00AC4306 /* UIToolbar+FlatUI.m */ = {isa = PBXFileReference; fileEncoding = 4; lastKnownFileType = sourcecode.c.objc; path = "UIToolbar+FlatUI.m"; sourceTree = "<group>"; };
		FCF2442818BD1F0E00AC4306 /* Reachability.h */ = {isa = PBXFileReference; fileEncoding = 4; lastKnownFileType = sourcecode.c.h; path = Reachability.h; sourceTree = "<group>"; };
		FCF2442918BD1F0E00AC4306 /* Reachability.m */ = {isa = PBXFileReference; fileEncoding = 4; lastKnownFileType = sourcecode.c.objc; path = Reachability.m; sourceTree = "<group>"; };
		FCFE9DB918B506820019DC9F /* RoomieParse.app */ = {isa = PBXFileReference; explicitFileType = wrapper.application; includeInIndex = 0; path = RoomieParse.app; sourceTree = BUILT_PRODUCTS_DIR; };
		FCFE9DBC18B506820019DC9F /* Foundation.framework */ = {isa = PBXFileReference; lastKnownFileType = wrapper.framework; name = Foundation.framework; path = System/Library/Frameworks/Foundation.framework; sourceTree = SDKROOT; };
		FCFE9DBE18B506820019DC9F /* CoreGraphics.framework */ = {isa = PBXFileReference; lastKnownFileType = wrapper.framework; name = CoreGraphics.framework; path = System/Library/Frameworks/CoreGraphics.framework; sourceTree = SDKROOT; };
		FCFE9DC418B506820019DC9F /* RoomieParse-Info.plist */ = {isa = PBXFileReference; lastKnownFileType = text.plist.xml; path = "RoomieParse-Info.plist"; sourceTree = "<group>"; };
		FCFE9DC618B506820019DC9F /* en */ = {isa = PBXFileReference; lastKnownFileType = text.plist.strings; name = en; path = en.lproj/InfoPlist.strings; sourceTree = "<group>"; };
		FCFE9DC818B506820019DC9F /* main.m */ = {isa = PBXFileReference; lastKnownFileType = sourcecode.c.objc; path = main.m; sourceTree = "<group>"; };
		FCFE9DCA18B506820019DC9F /* RoomieParse-Prefix.pch */ = {isa = PBXFileReference; lastKnownFileType = sourcecode.c.h; path = "RoomieParse-Prefix.pch"; sourceTree = "<group>"; };
		FCFE9DCB18B506820019DC9F /* AppDelegate.h */ = {isa = PBXFileReference; lastKnownFileType = sourcecode.c.h; path = AppDelegate.h; sourceTree = "<group>"; };
		FCFE9DCC18B506820019DC9F /* AppDelegate.m */ = {isa = PBXFileReference; lastKnownFileType = sourcecode.c.objc; path = AppDelegate.m; sourceTree = "<group>"; };
		FCFE9DCF18B506820019DC9F /* Base */ = {isa = PBXFileReference; lastKnownFileType = file.storyboard; name = Base; path = Base.lproj/Main.storyboard; sourceTree = "<group>"; };
		FCFE9DD418B506820019DC9F /* Images.xcassets */ = {isa = PBXFileReference; lastKnownFileType = folder.assetcatalog; path = Images.xcassets; sourceTree = "<group>"; };
		FCFE9DDA18B506820019DC9F /* RoomieParseTests.xctest */ = {isa = PBXFileReference; explicitFileType = wrapper.cfbundle; includeInIndex = 0; path = RoomieParseTests.xctest; sourceTree = BUILT_PRODUCTS_DIR; };
		FCFE9DDB18B506820019DC9F /* XCTest.framework */ = {isa = PBXFileReference; lastKnownFileType = wrapper.framework; name = XCTest.framework; path = Library/Frameworks/XCTest.framework; sourceTree = DEVELOPER_DIR; };
		FCFE9DE318B506820019DC9F /* RoomieParseTests-Info.plist */ = {isa = PBXFileReference; lastKnownFileType = text.plist.xml; path = "RoomieParseTests-Info.plist"; sourceTree = "<group>"; };
		FCFE9DE518B506820019DC9F /* en */ = {isa = PBXFileReference; lastKnownFileType = text.plist.strings; name = en; path = en.lproj/InfoPlist.strings; sourceTree = "<group>"; };
		FCFE9DE718B506820019DC9F /* RoomieParseTests.m */ = {isa = PBXFileReference; lastKnownFileType = sourcecode.c.objc; path = RoomieParseTests.m; sourceTree = "<group>"; };
		FCFE9DF318B506FC0019DC9F /* AudioToolbox.framework */ = {isa = PBXFileReference; lastKnownFileType = wrapper.framework; name = AudioToolbox.framework; path = System/Library/Frameworks/AudioToolbox.framework; sourceTree = SDKROOT; };
		FCFE9DF418B506FC0019DC9F /* libz.dylib */ = {isa = PBXFileReference; lastKnownFileType = "compiled.mach-o.dylib"; name = libz.dylib; path = usr/lib/libz.dylib; sourceTree = SDKROOT; };
		FCFE9DF518B506FC0019DC9F /* MobileCoreServices.framework */ = {isa = PBXFileReference; lastKnownFileType = wrapper.framework; name = MobileCoreServices.framework; path = System/Library/Frameworks/MobileCoreServices.framework; sourceTree = SDKROOT; };
		FCFE9DF618B506FC0019DC9F /* QuartzCore.framework */ = {isa = PBXFileReference; lastKnownFileType = wrapper.framework; name = QuartzCore.framework; path = System/Library/Frameworks/QuartzCore.framework; sourceTree = SDKROOT; };
		FCFE9DF718B506FC0019DC9F /* Security.framework */ = {isa = PBXFileReference; lastKnownFileType = wrapper.framework; name = Security.framework; path = System/Library/Frameworks/Security.framework; sourceTree = SDKROOT; };
		FCFE9DF818B506FC0019DC9F /* StoreKit.framework */ = {isa = PBXFileReference; lastKnownFileType = wrapper.framework; name = StoreKit.framework; path = System/Library/Frameworks/StoreKit.framework; sourceTree = SDKROOT; };
		FCFE9DF918B506FC0019DC9F /* SystemConfiguration.framework */ = {isa = PBXFileReference; lastKnownFileType = wrapper.framework; name = SystemConfiguration.framework; path = System/Library/Frameworks/SystemConfiguration.framework; sourceTree = SDKROOT; };
		FCFE9E0B18B50CD20019DC9F /* TaskViewController.h */ = {isa = PBXFileReference; fileEncoding = 4; lastKnownFileType = sourcecode.c.h; path = TaskViewController.h; sourceTree = "<group>"; };
		FCFE9E0C18B50CD20019DC9F /* TaskViewController.m */ = {isa = PBXFileReference; fileEncoding = 4; lastKnownFileType = sourcecode.c.objc; path = TaskViewController.m; sourceTree = "<group>"; };
		FCFE9E0E18B51F5B0019DC9F /* LoginViewController.h */ = {isa = PBXFileReference; fileEncoding = 4; lastKnownFileType = sourcecode.c.h; path = LoginViewController.h; sourceTree = "<group>"; };
		FCFE9E0F18B51F5B0019DC9F /* LoginViewController.m */ = {isa = PBXFileReference; fileEncoding = 4; lastKnownFileType = sourcecode.c.objc; path = LoginViewController.m; sourceTree = "<group>"; };
		FCFE9E1518B53DE40019DC9F /* SignUpViewController.h */ = {isa = PBXFileReference; fileEncoding = 4; lastKnownFileType = sourcecode.c.h; path = SignUpViewController.h; sourceTree = "<group>"; };
		FCFE9E1618B53DE40019DC9F /* SignUpViewController.m */ = {isa = PBXFileReference; fileEncoding = 4; lastKnownFileType = sourcecode.c.objc; path = SignUpViewController.m; sourceTree = "<group>"; };
		FCFE9E1D18B546530019DC9F /* NewTaskViewController.h */ = {isa = PBXFileReference; fileEncoding = 4; lastKnownFileType = sourcecode.c.h; path = NewTaskViewController.h; sourceTree = "<group>"; };
		FCFE9E1E18B546530019DC9F /* NewTaskViewController.m */ = {isa = PBXFileReference; fileEncoding = 4; lastKnownFileType = sourcecode.c.objc; path = NewTaskViewController.m; sourceTree = "<group>"; };
		FCFE9E2818B5DE480019DC9F /* TaskDetailViewController.h */ = {isa = PBXFileReference; fileEncoding = 4; lastKnownFileType = sourcecode.c.h; name = TaskDetailViewController.h; path = RoomieParse/TaskDetailViewController.h; sourceTree = "<group>"; };
		FCFE9E2918B5DE480019DC9F /* TaskDetailViewController.m */ = {isa = PBXFileReference; fileEncoding = 4; lastKnownFileType = sourcecode.c.objc; name = TaskDetailViewController.m; path = RoomieParse/TaskDetailViewController.m; sourceTree = "<group>"; };
		FCFE9E8718B89EF10019DC9F /* HMSegmentedControl.h */ = {isa = PBXFileReference; fileEncoding = 4; lastKnownFileType = sourcecode.c.h; path = HMSegmentedControl.h; sourceTree = "<group>"; };
		FCFE9E8818B89EF10019DC9F /* HMSegmentedControl.m */ = {isa = PBXFileReference; fileEncoding = 4; lastKnownFileType = sourcecode.c.objc; path = HMSegmentedControl.m; sourceTree = "<group>"; };
/* End PBXFileReference section */

/* Begin PBXFrameworksBuildPhase section */
		FCFE9DB618B506820019DC9F /* Frameworks */ = {
			isa = PBXFrameworksBuildPhase;
			buildActionMask = 2147483647;
			files = (
				FCBC9FC118C643C800744065 /* CoreText.framework in Frameworks */,
				FCBC9FC218C643C800744065 /* UIKit.framework in Frameworks */,
				FCFE9DBF18B506820019DC9F /* CoreGraphics.framework in Frameworks */,
				FCFE9DBD18B506820019DC9F /* Foundation.framework in Frameworks */,
				FCFE9DFD18B506FC0019DC9F /* QuartzCore.framework in Frameworks */,
				FCFE9DFE18B506FC0019DC9F /* Security.framework in Frameworks */,
				FCFE9E0018B506FC0019DC9F /* SystemConfiguration.framework in Frameworks */,
				FCFE9DFA18B506FC0019DC9F /* AudioToolbox.framework in Frameworks */,
				FCFE9DFB18B506FC0019DC9F /* libz.dylib in Frameworks */,
				FCFE9DFC18B506FC0019DC9F /* MobileCoreServices.framework in Frameworks */,
				FCFE9DFF18B506FC0019DC9F /* StoreKit.framework in Frameworks */,
				FCF243E618BB7B9800AC4306 /* Parse.framework in Frameworks */,
				FCBC9FC818C6444400744065 /* HockeySDK.framework in Frameworks */,
			);
			runOnlyForDeploymentPostprocessing = 0;
		};
		FCFE9DD718B506820019DC9F /* Frameworks */ = {
			isa = PBXFrameworksBuildPhase;
			buildActionMask = 2147483647;
			files = (
				FCFE9DDC18B506820019DC9F /* XCTest.framework in Frameworks */,
				FCFE9DDD18B506820019DC9F /* Foundation.framework in Frameworks */,
			);
			runOnlyForDeploymentPostprocessing = 0;
		};
/* End PBXFrameworksBuildPhase section */

/* Begin PBXGroup section */
		FC73483218B89FF200C05E65 /* Home */ = {
			isa = PBXGroup;
			children = (
				FC73482F18B89FED00C05E65 /* HomeViewController.h */,
				FC73483018B89FED00C05E65 /* HomeViewController.m */,
			);
			name = Home;
			sourceTree = "<group>";
		};
		FC73483318B8E8E000C05E65 /* EFCircularSlider */ = {
			isa = PBXGroup;
			children = (
				FC73483418B8E8E000C05E65 /* EFCircularSlider.h */,
				FC73483518B8E8E000C05E65 /* EFCircularSlider.m */,
			);
			path = EFCircularSlider;
			sourceTree = "<group>";
		};
		FC73483A18B9440100C05E65 /* IBActionSheet */ = {
			isa = PBXGroup;
			children = (
				FC73483718B943F700C05E65 /* IBActionSheet.h */,
				FC73483818B943F700C05E65 /* IBActionSheet.m */,
			);
			name = IBActionSheet;
			path = EFCircularSlider;
			sourceTree = "<group>";
		};
		FC73484018BA1D2100C05E65 /* Settings */ = {
			isa = PBXGroup;
			children = (
				FC73483D18BA1D1C00C05E65 /* SettingsViewController.h */,
				FC73483E18BA1D1C00C05E65 /* SettingsViewController.m */,
			);
			name = Settings;
			sourceTree = "<group>";
		};
		FCBC9FA918C3613F00744065 /* DOAutocompleteTextField */ = {
			isa = PBXGroup;
			children = (
				FCBC9FAA18C3613F00744065 /* DOAutocompleteTextField.h */,
				FCBC9FAB18C3613F00744065 /* DOAutocompleteTextField.m */,
			);
			path = DOAutocompleteTextField;
			sourceTree = "<group>";
		};
		FCBC9FC318C6444400744065 /* HockeySDK.embeddedframework */ = {
			isa = PBXGroup;
			children = (
				FCBC9FC418C6444400744065 /* HockeySDK.framework */,
				FCBC9FC518C6444400744065 /* Resources */,
			);
			name = HockeySDK.embeddedframework;
			path = "HockeySDK-iOS/HockeySDK.embeddedframework";
			sourceTree = "<group>";
		};
		FCBC9FC518C6444400744065 /* Resources */ = {
			isa = PBXGroup;
			children = (
				FCBC9FC618C6444400744065 /* HockeySDK.xcconfig */,
				FCBC9FC718C6444400744065 /* HockeySDKResources.bundle */,
			);
			path = Resources;
			sourceTree = "<group>";
		};
		FCBC9FD718CA379500744065 /* ext */ = {
			isa = PBXGroup;
			children = (
				FCBC9FA918C3613F00744065 /* DOAutocompleteTextField */,
				FCF2442B18BD1F1500AC4306 /* Reachability */,
				FCF243ED18BD0F5F00AC4306 /* FlatUIKit */,
				FC73483A18B9440100C05E65 /* IBActionSheet */,
				FC73483318B8E8E000C05E65 /* EFCircularSlider */,
				FCFE9E8618B89EF10019DC9F /* HMSegmentedControl */,
			);
			name = ext;
			sourceTree = "<group>";
		};
		FCBC9FD818CA37AF00744065 /* Login */ = {
			isa = PBXGroup;
			children = (
				FCFE9E1818B53DEB0019DC9F /* Sign Up */,
				FCFE9E1118B51F620019DC9F /* Login */,
			);
			name = Login;
			sourceTree = "<group>";
		};
		FCF243ED18BD0F5F00AC4306 /* FlatUIKit */ = {
			isa = PBXGroup;
			children = (
				FCF243EE18BD0F5F00AC4306 /* FlatUIKit.h */,
				FCF243EF18BD0F5F00AC4306 /* FUIAlertView.h */,
				FCF243F018BD0F5F00AC4306 /* FUIAlertView.m */,
				FCF243F118BD0F5F00AC4306 /* FUIButton.h */,
				FCF243F218BD0F5F00AC4306 /* FUIButton.m */,
				FCF243F318BD0F5F00AC4306 /* FUICellBackgroundView.h */,
				FCF243F418BD0F5F00AC4306 /* FUICellBackgroundView.m */,
				FCF243F518BD0F5F00AC4306 /* FUIPopoverBackgroundView.h */,
				FCF243F618BD0F5F00AC4306 /* FUIPopoverBackgroundView.m */,
				FCF243F718BD0F5F00AC4306 /* FUISegmentedControl.h */,
				FCF243F818BD0F5F00AC4306 /* FUISegmentedControl.m */,
				FCF243F918BD0F5F00AC4306 /* FUISwitch.h */,
				FCF243FA18BD0F5F00AC4306 /* FUISwitch.m */,
				FCF243FB18BD0F5F00AC4306 /* FUITextField.h */,
				FCF243FC18BD0F5F00AC4306 /* FUITextField.m */,
				FCF243FD18BD0F5F00AC4306 /* UIBarButtonItem+FlatUI.h */,
				FCF243FE18BD0F5F00AC4306 /* UIBarButtonItem+FlatUI.m */,
				FCF243FF18BD0F5F00AC4306 /* UIColor+FlatUI.h */,
				FCF2440018BD0F5F00AC4306 /* UIColor+FlatUI.m */,
				FCF2440118BD0F5F00AC4306 /* UIFont+FlatUI.h */,
				FCF2440218BD0F5F00AC4306 /* UIFont+FlatUI.m */,
				FCF2440318BD0F5F00AC4306 /* UIImage+FlatUI.h */,
				FCF2440418BD0F5F00AC4306 /* UIImage+FlatUI.m */,
				FCF2440518BD0F5F00AC4306 /* UINavigationBar+FlatUI.h */,
				FCF2440618BD0F5F00AC4306 /* UINavigationBar+FlatUI.m */,
				FCF2440718BD0F5F00AC4306 /* UIPopoverController+FlatUI.h */,
				FCF2440818BD0F5F00AC4306 /* UIPopoverController+FlatUI.m */,
				FCF2440918BD0F5F00AC4306 /* UIProgressView+FlatUI.h */,
				FCF2440A18BD0F5F00AC4306 /* UIProgressView+FlatUI.m */,
				FCF2440B18BD0F5F00AC4306 /* UISlider+FlatUI.h */,
				FCF2440C18BD0F5F00AC4306 /* UISlider+FlatUI.m */,
				FCF2440D18BD0F5F00AC4306 /* UIStepper+FlatUI.h */,
				FCF2440E18BD0F5F00AC4306 /* UIStepper+FlatUI.m */,
				FCF2440F18BD0F5F00AC4306 /* UITabBar+FlatUI.h */,
				FCF2441018BD0F5F00AC4306 /* UITabBar+FlatUI.m */,
				FCF2441118BD0F5F00AC4306 /* UITableViewCell+FlatUI.h */,
				FCF2441218BD0F5F00AC4306 /* UITableViewCell+FlatUI.m */,
				FCF2441318BD0F5F00AC4306 /* UIToolbar+FlatUI.h */,
				FCF2441418BD0F5F00AC4306 /* UIToolbar+FlatUI.m */,
			);
			path = FlatUIKit;
			sourceTree = "<group>";
		};
		FCF2442B18BD1F1500AC4306 /* Reachability */ = {
			isa = PBXGroup;
			children = (
				FCF2442818BD1F0E00AC4306 /* Reachability.h */,
				FCF2442918BD1F0E00AC4306 /* Reachability.m */,
			);
			name = Reachability;
			sourceTree = "<group>";
		};
		FCFE9DB018B506820019DC9F = {
			isa = PBXGroup;
			children = (
				FCFE9DC218B506820019DC9F /* RoomieParse */,
				FCFE9DE118B506820019DC9F /* RoomieParseTests */,
				FCFE9DBB18B506820019DC9F /* Frameworks */,
				FCFE9DBA18B506820019DC9F /* Products */,
			);
			sourceTree = "<group>";
		};
		FCFE9DBA18B506820019DC9F /* Products */ = {
			isa = PBXGroup;
			children = (
				FCFE9DB918B506820019DC9F /* RoomieParse.app */,
				FCFE9DDA18B506820019DC9F /* RoomieParseTests.xctest */,
			);
			name = Products;
			sourceTree = "<group>";
		};
		FCFE9DBB18B506820019DC9F /* Frameworks */ = {
			isa = PBXGroup;
			children = (
				FCBC9FC318C6444400744065 /* HockeySDK.embeddedframework */,
				FCBC9FBF18C643C800744065 /* CoreText.framework */,
				FCBC9FC018C643C800744065 /* UIKit.framework */,
				FC30826E18BF421D00E71EF5 /* UIKit.framework */,
				FCF243E518BB7B9800AC4306 /* Parse.framework */,
				FCFE9DF318B506FC0019DC9F /* AudioToolbox.framework */,
				FCFE9DF418B506FC0019DC9F /* libz.dylib */,
				FCFE9DF518B506FC0019DC9F /* MobileCoreServices.framework */,
				FCFE9DF618B506FC0019DC9F /* QuartzCore.framework */,
				FCFE9DF718B506FC0019DC9F /* Security.framework */,
				FCFE9DF818B506FC0019DC9F /* StoreKit.framework */,
				FCFE9DF918B506FC0019DC9F /* SystemConfiguration.framework */,
				FCFE9DBC18B506820019DC9F /* Foundation.framework */,
				FCFE9DBE18B506820019DC9F /* CoreGraphics.framework */,
				FCFE9DDB18B506820019DC9F /* XCTest.framework */,
			);
			name = Frameworks;
			sourceTree = "<group>";
		};
		FCFE9DC218B506820019DC9F /* RoomieParse */ = {
			isa = PBXGroup;
			children = (
				FC51CD1D18DA434D0096013B /* ColorScheme.h */,
				FCBC9FDD18CB465600744065 /* RoomieHeader.h */,
				FCFE9DCE18B506820019DC9F /* Main.storyboard */,
				FCAAA9E218DF96FC00E3A54B /* Settings.bundle */,
				FCFE9E1418B51F900019DC9F /* Delegate */,
				FCBC9FD718CA379500744065 /* ext */,
				FCBC9FD818CA37AF00744065 /* Login */,
				FCFE9E1218B51F6A0019DC9F /* Tasks */,
				FC73484018BA1D2100C05E65 /* Settings */,
				FC73483218B89FF200C05E65 /* Home */,
				FCFE9E2318B5D9AE0019DC9F /* Task Details */,
				FCFE9E1C18B545CB0019DC9F /* New Task */,
				FCFE9DD418B506820019DC9F /* Images.xcassets */,
				FCFE9DC318B506820019DC9F /* Supporting Files */,
			);
			path = RoomieParse;
			sourceTree = "<group>";
		};
		FCFE9DC318B506820019DC9F /* Supporting Files */ = {
			isa = PBXGroup;
			children = (
				FC51CD1518D257E80096013B /* Koala_yoda_cane.gif */,
				FC51CD1618D257E80096013B /* koala_seated.gif */,
				FC51CD1718D257E80096013B /* koala_hip.gif */,
				FC51CD1818D257E80096013B /* koala_yoda_swrd.gif */,
				FCBC9FB918C63BF200744065 /* forgot.png */,
				FCBC9FA418C2040F00744065 /* plus.png */,
				FCBC9FA018C2038B00744065 /* LeftSideMenu_Tag.png */,
				FC73485318BA77BC00C05E65 /* icon-ios7-gear-outline.png */,
				FC73484D18BA76BB00C05E65 /* icon-home.png */,
				FC73484B18BA5C8300C05E65 /* close.png */,
				FC73484718BA56C900C05E65 /* purple_signup.png */,
				FC73484818BA56C900C05E65 /* purple.png */,
				FCFE9DC418B506820019DC9F /* RoomieParse-Info.plist */,
				FCFE9DC518B506820019DC9F /* InfoPlist.strings */,
				FCFE9DC818B506820019DC9F /* main.m */,
				FCFE9DCA18B506820019DC9F /* RoomieParse-Prefix.pch */,
			);
			name = "Supporting Files";
			sourceTree = "<group>";
		};
		FCFE9DE118B506820019DC9F /* RoomieParseTests */ = {
			isa = PBXGroup;
			children = (
				FCFE9DE718B506820019DC9F /* RoomieParseTests.m */,
				FCFE9DE218B506820019DC9F /* Supporting Files */,
			);
			path = RoomieParseTests;
			sourceTree = "<group>";
		};
		FCFE9DE218B506820019DC9F /* Supporting Files */ = {
			isa = PBXGroup;
			children = (
				FCFE9DE318B506820019DC9F /* RoomieParseTests-Info.plist */,
				FCFE9DE418B506820019DC9F /* InfoPlist.strings */,
			);
			name = "Supporting Files";
			sourceTree = "<group>";
		};
		FCFE9E1118B51F620019DC9F /* Login */ = {
			isa = PBXGroup;
			children = (
				FCFE9E0E18B51F5B0019DC9F /* LoginViewController.h */,
				FCFE9E0F18B51F5B0019DC9F /* LoginViewController.m */,
			);
			name = Login;
			sourceTree = "<group>";
		};
		FCFE9E1218B51F6A0019DC9F /* Tasks */ = {
			isa = PBXGroup;
			children = (
				FCFE9E0B18B50CD20019DC9F /* TaskViewController.h */,
				FCFE9E0C18B50CD20019DC9F /* TaskViewController.m */,
			);
			name = Tasks;
			sourceTree = "<group>";
		};
		FCFE9E1418B51F900019DC9F /* Delegate */ = {
			isa = PBXGroup;
			children = (
				FCFE9DCB18B506820019DC9F /* AppDelegate.h */,
				FCFE9DCC18B506820019DC9F /* AppDelegate.m */,
			);
			name = Delegate;
			sourceTree = "<group>";
		};
		FCFE9E1818B53DEB0019DC9F /* Sign Up */ = {
			isa = PBXGroup;
			children = (
				FCFE9E1518B53DE40019DC9F /* SignUpViewController.h */,
				FCFE9E1618B53DE40019DC9F /* SignUpViewController.m */,
			);
			name = "Sign Up";
			sourceTree = "<group>";
		};
		FCFE9E1C18B545CB0019DC9F /* New Task */ = {
			isa = PBXGroup;
			children = (
				FCFE9E1D18B546530019DC9F /* NewTaskViewController.h */,
				FCFE9E1E18B546530019DC9F /* NewTaskViewController.m */,
			);
			name = "New Task";
			sourceTree = "<group>";
		};
		FCFE9E2318B5D9AE0019DC9F /* Task Details */ = {
			isa = PBXGroup;
			children = (
				FCFE9E2818B5DE480019DC9F /* TaskDetailViewController.h */,
				FCFE9E2918B5DE480019DC9F /* TaskDetailViewController.m */,
			);
			name = "Task Details";
			path = ..;
			sourceTree = "<group>";
		};
		FCFE9E8618B89EF10019DC9F /* HMSegmentedControl */ = {
			isa = PBXGroup;
			children = (
				FCFE9E8718B89EF10019DC9F /* HMSegmentedControl.h */,
				FCFE9E8818B89EF10019DC9F /* HMSegmentedControl.m */,
			);
			path = HMSegmentedControl;
			sourceTree = "<group>";
		};
/* End PBXGroup section */

/* Begin PBXNativeTarget section */
		FCFE9DB818B506820019DC9F /* RoomieParse */ = {
			isa = PBXNativeTarget;
			buildConfigurationList = FCFE9DEB18B506820019DC9F /* Build configuration list for PBXNativeTarget "RoomieParse" */;
			buildPhases = (
				FCFE9DB518B506820019DC9F /* Sources */,
				FCFE9DB618B506820019DC9F /* Frameworks */,
				FCFE9DB718B506820019DC9F /* Resources */,
			);
			buildRules = (
			);
			dependencies = (
			);
			name = RoomieParse;
			productName = RoomieParse;
			productReference = FCFE9DB918B506820019DC9F /* RoomieParse.app */;
			productType = "com.apple.product-type.application";
		};
		FCFE9DD918B506820019DC9F /* RoomieParseTests */ = {
			isa = PBXNativeTarget;
			buildConfigurationList = FCFE9DEE18B506820019DC9F /* Build configuration list for PBXNativeTarget "RoomieParseTests" */;
			buildPhases = (
				FCFE9DD618B506820019DC9F /* Sources */,
				FCFE9DD718B506820019DC9F /* Frameworks */,
				FCFE9DD818B506820019DC9F /* Resources */,
			);
			buildRules = (
			);
			dependencies = (
				FCFE9DE018B506820019DC9F /* PBXTargetDependency */,
			);
			name = RoomieParseTests;
			productName = RoomieParseTests;
			productReference = FCFE9DDA18B506820019DC9F /* RoomieParseTests.xctest */;
			productType = "com.apple.product-type.bundle.unit-test";
		};
/* End PBXNativeTarget section */

/* Begin PBXProject section */
		FCFE9DB118B506820019DC9F /* Project object */ = {
			isa = PBXProject;
			attributes = {
				LastUpgradeCheck = 0510;
				ORGANIZATIONNAME = "Dylan Bourgeois";
				TargetAttributes = {
					FCFE9DB818B506820019DC9F = {
						DevelopmentTeam = DRXTS3ZU8M;
					};
					FCFE9DD918B506820019DC9F = {
						TestTargetID = FCFE9DB818B506820019DC9F;
					};
				};
			};
			buildConfigurationList = FCFE9DB418B506820019DC9F /* Build configuration list for PBXProject "RoomieParse" */;
			compatibilityVersion = "Xcode 3.2";
			developmentRegion = English;
			hasScannedForEncodings = 0;
			knownRegions = (
				en,
				Base,
			);
			mainGroup = FCFE9DB018B506820019DC9F;
			productRefGroup = FCFE9DBA18B506820019DC9F /* Products */;
			projectDirPath = "";
			projectRoot = "";
			targets = (
				FCFE9DB818B506820019DC9F /* RoomieParse */,
				FCFE9DD918B506820019DC9F /* RoomieParseTests */,
			);
		};
/* End PBXProject section */

/* Begin PBXResourcesBuildPhase section */
		FCFE9DB718B506820019DC9F /* Resources */ = {
			isa = PBXResourcesBuildPhase;
			buildActionMask = 2147483647;
			files = (
				FCBC9FA118C2038B00744065 /* LeftSideMenu_Tag.png in Resources */,
				FC51CD1A18D257E80096013B /* koala_seated.gif in Resources */,
				FC73485418BA77BC00C05E65 /* icon-ios7-gear-outline.png in Resources */,
				FCFE9DD518B506820019DC9F /* Images.xcassets in Resources */,
				FC73484A18BA56C900C05E65 /* purple.png in Resources */,
				FCBC9FA518C2040F00744065 /* plus.png in Resources */,
				FC73484C18BA5C8300C05E65 /* close.png in Resources */,
				FCFE9DC718B506820019DC9F /* InfoPlist.strings in Resources */,
				FC73484E18BA76BB00C05E65 /* icon-home.png in Resources */,
				FC73484918BA56C900C05E65 /* purple_signup.png in Resources */,
				FC51CD1C18D257E80096013B /* koala_yoda_swrd.gif in Resources */,
				FC51CD1918D257E80096013B /* Koala_yoda_cane.gif in Resources */,
				FCAAA9E318DF96FC00E3A54B /* Settings.bundle in Resources */,
				FC51CD1B18D257E80096013B /* koala_hip.gif in Resources */,
				FCBC9FC918C6444500744065 /* HockeySDK.xcconfig in Resources */,
				FCBC9FCA18C6444500744065 /* HockeySDKResources.bundle in Resources */,
				FCFE9DD018B506820019DC9F /* Main.storyboard in Resources */,
				FCBC9FBA18C63BF200744065 /* forgot.png in Resources */,
			);
			runOnlyForDeploymentPostprocessing = 0;
		};
		FCFE9DD818B506820019DC9F /* Resources */ = {
			isa = PBXResourcesBuildPhase;
			buildActionMask = 2147483647;
			files = (
				FCFE9DE618B506820019DC9F /* InfoPlist.strings in Resources */,
			);
			runOnlyForDeploymentPostprocessing = 0;
		};
/* End PBXResourcesBuildPhase section */

/* Begin PBXSourcesBuildPhase section */
		FCFE9DB518B506820019DC9F /* Sources */ = {
			isa = PBXSourcesBuildPhase;
			buildActionMask = 2147483647;
			files = (
				FCF2441A18BD0F5F00AC4306 /* FUISwitch.m in Sources */,
				FCF2441D18BD0F5F00AC4306 /* UIColor+FlatUI.m in Sources */,
				FCFE9DCD18B506820019DC9F /* AppDelegate.m in Sources */,
				FCF2442618BD0F5F00AC4306 /* UITableViewCell+FlatUI.m in Sources */,
				FCF2442418BD0F5F00AC4306 /* UIStepper+FlatUI.m in Sources */,
				FCF2441B18BD0F5F00AC4306 /* FUITextField.m in Sources */,
				FCFE9E1018B51F5B0019DC9F /* LoginViewController.m in Sources */,
				FCF2441818BD0F5F00AC4306 /* FUIPopoverBackgroundView.m in Sources */,
				FCFE9E0D18B50CD20019DC9F /* TaskViewController.m in Sources */,
				FCFE9DC918B506820019DC9F /* main.m in Sources */,
				FCF2441918BD0F5F00AC4306 /* FUISegmentedControl.m in Sources */,
				FCBC9FAC18C3613F00744065 /* DOAutocompleteTextField.m in Sources */,
				FCF2441518BD0F5F00AC4306 /* FUIAlertView.m in Sources */,
				FCF2441618BD0F5F00AC4306 /* FUIButton.m in Sources */,
				FCF2441C18BD0F5F00AC4306 /* UIBarButtonItem+FlatUI.m in Sources */,
				FCF2442118BD0F5F00AC4306 /* UIPopoverController+FlatUI.m in Sources */,
				FCF2442A18BD1F0E00AC4306 /* Reachability.m in Sources */,
				FCF2441718BD0F5F00AC4306 /* FUICellBackgroundView.m in Sources */,
				FCF2442518BD0F5F00AC4306 /* UITabBar+FlatUI.m in Sources */,
				FCFE9E1718B53DE40019DC9F /* SignUpViewController.m in Sources */,
				FCF2442218BD0F5F00AC4306 /* UIProgressView+FlatUI.m in Sources */,
				FC73483118B89FED00C05E65 /* HomeViewController.m in Sources */,
				FCFE9E1F18B546530019DC9F /* NewTaskViewController.m in Sources */,
				FC73483618B8E8E000C05E65 /* EFCircularSlider.m in Sources */,
				FC73483918B943F700C05E65 /* IBActionSheet.m in Sources */,
				FCFE9E2A18B5DE480019DC9F /* TaskDetailViewController.m in Sources */,
				FCFE9E8918B89EF10019DC9F /* HMSegmentedControl.m in Sources */,
				FCF2442018BD0F5F00AC4306 /* UINavigationBar+FlatUI.m in Sources */,
				FCF2441F18BD0F5F00AC4306 /* UIImage+FlatUI.m in Sources */,
				FCF2442718BD0F5F00AC4306 /* UIToolbar+FlatUI.m in Sources */,
				FCF2442318BD0F5F00AC4306 /* UISlider+FlatUI.m in Sources */,
				FC73483F18BA1D1C00C05E65 /* SettingsViewController.m in Sources */,
				FCF2441E18BD0F5F00AC4306 /* UIFont+FlatUI.m in Sources */,
			);
			runOnlyForDeploymentPostprocessing = 0;
		};
		FCFE9DD618B506820019DC9F /* Sources */ = {
			isa = PBXSourcesBuildPhase;
			buildActionMask = 2147483647;
			files = (
				FCFE9DE818B506820019DC9F /* RoomieParseTests.m in Sources */,
			);
			runOnlyForDeploymentPostprocessing = 0;
		};
/* End PBXSourcesBuildPhase section */

/* Begin PBXTargetDependency section */
		FCFE9DE018B506820019DC9F /* PBXTargetDependency */ = {
			isa = PBXTargetDependency;
			target = FCFE9DB818B506820019DC9F /* RoomieParse */;
			targetProxy = FCFE9DDF18B506820019DC9F /* PBXContainerItemProxy */;
		};
/* End PBXTargetDependency section */

/* Begin PBXVariantGroup section */
		FCFE9DC518B506820019DC9F /* InfoPlist.strings */ = {
			isa = PBXVariantGroup;
			children = (
				FCFE9DC618B506820019DC9F /* en */,
			);
			name = InfoPlist.strings;
			sourceTree = "<group>";
		};
		FCFE9DCE18B506820019DC9F /* Main.storyboard */ = {
			isa = PBXVariantGroup;
			children = (
				FCFE9DCF18B506820019DC9F /* Base */,
			);
			name = Main.storyboard;
			sourceTree = "<group>";
		};
		FCFE9DE418B506820019DC9F /* InfoPlist.strings */ = {
			isa = PBXVariantGroup;
			children = (
				FCFE9DE518B506820019DC9F /* en */,
			);
			name = InfoPlist.strings;
			sourceTree = "<group>";
		};
/* End PBXVariantGroup section */

/* Begin XCBuildConfiguration section */
		FCBC9FA618C2515200744065 /* Deployment */ = {
			isa = XCBuildConfiguration;
			buildSettings = {
				ALWAYS_SEARCH_USER_PATHS = NO;
				CLANG_CXX_LANGUAGE_STANDARD = "gnu++0x";
				CLANG_CXX_LIBRARY = "libc++";
				CLANG_ENABLE_MODULES = YES;
				CLANG_ENABLE_OBJC_ARC = YES;
				CLANG_WARN_BOOL_CONVERSION = YES;
				CLANG_WARN_CONSTANT_CONVERSION = YES;
				CLANG_WARN_DIRECT_OBJC_ISA_USAGE = YES_ERROR;
				CLANG_WARN_EMPTY_BODY = YES;
				CLANG_WARN_ENUM_CONVERSION = YES;
				CLANG_WARN_INT_CONVERSION = YES;
				CLANG_WARN_OBJC_ROOT_CLASS = YES_ERROR;
				CLANG_WARN__DUPLICATE_METHOD_MATCH = YES;
				CODE_SIGN_IDENTITY = "iPhone Distribution: Dylan Bourgeois (DRXTS3ZU8M)";
				"CODE_SIGN_IDENTITY[sdk=iphoneos*]" = "iPhone Distribution: Dylan Bourgeois (DRXTS3ZU8M)";
				COPY_PHASE_STRIP = YES;
				ENABLE_NS_ASSERTIONS = NO;
				GCC_C_LANGUAGE_STANDARD = gnu99;
				GCC_WARN_64_TO_32_BIT_CONVERSION = YES;
				GCC_WARN_ABOUT_RETURN_TYPE = YES_ERROR;
				GCC_WARN_UNDECLARED_SELECTOR = YES;
				GCC_WARN_UNINITIALIZED_AUTOS = YES_AGGRESSIVE;
				GCC_WARN_UNUSED_FUNCTION = YES;
				GCC_WARN_UNUSED_VARIABLE = YES;
				IPHONEOS_DEPLOYMENT_TARGET = 7.1;
				PROVISIONING_PROFILE = "4FD14E20-28B2-4675-BD16-A99E0C5E17F3";
				SDKROOT = iphoneos;
				VALIDATE_PRODUCT = YES;
			};
			name = Deployment;
		};
		FCBC9FA718C2515200744065 /* Deployment */ = {
			isa = XCBuildConfiguration;
			buildSettings = {
				ARCHS = "$(ARCHS_STANDARD)";
				ASSETCATALOG_COMPILER_APPICON_NAME = AppIcon;
				ASSETCATALOG_COMPILER_LAUNCHIMAGE_NAME = LaunchImage;
				CODE_SIGN_IDENTITY = "iPhone Developer";
				"CODE_SIGN_IDENTITY[sdk=iphoneos*]" = "iPhone Distribution: Dylan Bourgeois (DRXTS3ZU8M)";
				FRAMEWORK_SEARCH_PATHS = (
					"$(inherited)",
					"$(PROJECT_DIR)",
					"$(PROJECT_DIR)/HockeySDK-iOS-3.5.4/Vendor",
					"$(PROJECT_DIR)/HockeySDK-iOS/HockeySDK.embeddedframework",
				);
				GCC_PRECOMPILE_PREFIX_HEADER = YES;
				GCC_PREFIX_HEADER = "RoomieParse/RoomieParse-Prefix.pch";
				GCC_WARN_ABOUT_DEPRECATED_FUNCTIONS = NO;
				INFOPLIST_FILE = "RoomieParse/RoomieParse-Info.plist";
				IPHONEOS_DEPLOYMENT_TARGET = 7.0;
				PRODUCT_NAME = "$(TARGET_NAME)";
				PROVISIONING_PROFILE = "E0D7508C-52C4-45FA-A95D-D56D14C6B6D3";
				WRAPPER_EXTENSION = app;
			};
			name = Deployment;
		};
		FCBC9FA818C2515200744065 /* Deployment */ = {
			isa = XCBuildConfiguration;
			buildSettings = {
				BUNDLE_LOADER = "$(BUILT_PRODUCTS_DIR)/RoomieParse.app/RoomieParse";
				FRAMEWORK_SEARCH_PATHS = (
					"$(SDKROOT)/Developer/Library/Frameworks",
					"$(inherited)",
					"$(DEVELOPER_FRAMEWORKS_DIR)",
				);
				GCC_PRECOMPILE_PREFIX_HEADER = YES;
				GCC_PREFIX_HEADER = "RoomieParse/RoomieParse-Prefix.pch";
				INFOPLIST_FILE = "RoomieParseTests/RoomieParseTests-Info.plist";
				PRODUCT_NAME = "$(TARGET_NAME)";
				TEST_HOST = "$(BUNDLE_LOADER)";
				WRAPPER_EXTENSION = xctest;
			};
			name = Deployment;
		};
		FCFE9DE918B506820019DC9F /* Debug */ = {
			isa = XCBuildConfiguration;
			buildSettings = {
				ALWAYS_SEARCH_USER_PATHS = NO;
				CLANG_CXX_LANGUAGE_STANDARD = "gnu++0x";
				CLANG_CXX_LIBRARY = "libc++";
				CLANG_ENABLE_MODULES = YES;
				CLANG_ENABLE_OBJC_ARC = YES;
				CLANG_WARN_BOOL_CONVERSION = YES;
				CLANG_WARN_CONSTANT_CONVERSION = YES;
				CLANG_WARN_DIRECT_OBJC_ISA_USAGE = YES_ERROR;
				CLANG_WARN_EMPTY_BODY = YES;
				CLANG_WARN_ENUM_CONVERSION = YES;
				CLANG_WARN_INT_CONVERSION = YES;
				CLANG_WARN_OBJC_ROOT_CLASS = YES_ERROR;
				CLANG_WARN__DUPLICATE_METHOD_MATCH = YES;
				CODE_SIGN_IDENTITY = "iPhone Distribution: Dylan Bourgeois (DRXTS3ZU8M)";
				"CODE_SIGN_IDENTITY[sdk=iphoneos*]" = "iPhone Distribution: Dylan Bourgeois (DRXTS3ZU8M)";
				COPY_PHASE_STRIP = NO;
				GCC_C_LANGUAGE_STANDARD = gnu99;
				GCC_DYNAMIC_NO_PIC = NO;
				GCC_OPTIMIZATION_LEVEL = 0;
				GCC_PREPROCESSOR_DEFINITIONS = (
					"DEBUG=1",
					"$(inherited)",
				);
				GCC_SYMBOLS_PRIVATE_EXTERN = NO;
				GCC_WARN_64_TO_32_BIT_CONVERSION = YES;
				GCC_WARN_ABOUT_RETURN_TYPE = YES_ERROR;
				GCC_WARN_UNDECLARED_SELECTOR = YES;
				GCC_WARN_UNINITIALIZED_AUTOS = YES_AGGRESSIVE;
				GCC_WARN_UNUSED_FUNCTION = YES;
				GCC_WARN_UNUSED_VARIABLE = YES;
				IPHONEOS_DEPLOYMENT_TARGET = 7.1;
				ONLY_ACTIVE_ARCH = YES;
				PROVISIONING_PROFILE = "4FD14E20-28B2-4675-BD16-A99E0C5E17F3";
				SDKROOT = iphoneos;
			};
			name = Debug;
		};
		FCFE9DEA18B506820019DC9F /* Release */ = {
			isa = XCBuildConfiguration;
			buildSettings = {
				ALWAYS_SEARCH_USER_PATHS = NO;
				CLANG_CXX_LANGUAGE_STANDARD = "gnu++0x";
				CLANG_CXX_LIBRARY = "libc++";
				CLANG_ENABLE_MODULES = YES;
				CLANG_ENABLE_OBJC_ARC = YES;
				CLANG_WARN_BOOL_CONVERSION = YES;
				CLANG_WARN_CONSTANT_CONVERSION = YES;
				CLANG_WARN_DIRECT_OBJC_ISA_USAGE = YES_ERROR;
				CLANG_WARN_EMPTY_BODY = YES;
				CLANG_WARN_ENUM_CONVERSION = YES;
				CLANG_WARN_INT_CONVERSION = YES;
				CLANG_WARN_OBJC_ROOT_CLASS = YES_ERROR;
				CLANG_WARN__DUPLICATE_METHOD_MATCH = YES;
				CODE_SIGN_IDENTITY = "iPhone Distribution: Dylan Bourgeois (DRXTS3ZU8M)";
				"CODE_SIGN_IDENTITY[sdk=iphoneos*]" = "iPhone Distribution: Dylan Bourgeois (DRXTS3ZU8M)";
				COPY_PHASE_STRIP = YES;
				ENABLE_NS_ASSERTIONS = NO;
				GCC_C_LANGUAGE_STANDARD = gnu99;
				GCC_WARN_64_TO_32_BIT_CONVERSION = YES;
				GCC_WARN_ABOUT_RETURN_TYPE = YES_ERROR;
				GCC_WARN_UNDECLARED_SELECTOR = YES;
				GCC_WARN_UNINITIALIZED_AUTOS = YES_AGGRESSIVE;
				GCC_WARN_UNUSED_FUNCTION = YES;
				GCC_WARN_UNUSED_VARIABLE = YES;
				IPHONEOS_DEPLOYMENT_TARGET = 7.1;
				PROVISIONING_PROFILE = "4FD14E20-28B2-4675-BD16-A99E0C5E17F3";
				SDKROOT = iphoneos;
				VALIDATE_PRODUCT = YES;
			};
			name = Release;
		};
		FCFE9DEC18B506820019DC9F /* Debug */ = {
			isa = XCBuildConfiguration;
			buildSettings = {
				ARCHS = "$(ARCHS_STANDARD)";
				ASSETCATALOG_COMPILER_APPICON_NAME = AppIcon;
				ASSETCATALOG_COMPILER_LAUNCHIMAGE_NAME = LaunchImage;
				CODE_SIGN_IDENTITY = "iPhone Developer";
				"CODE_SIGN_IDENTITY[sdk=iphoneos*]" = "iPhone Distribution: Dylan Bourgeois (DRXTS3ZU8M)";
				FRAMEWORK_SEARCH_PATHS = (
					"$(inherited)",
					"$(PROJECT_DIR)",
					"$(PROJECT_DIR)/HockeySDK-iOS-3.5.4/Vendor",
					"$(PROJECT_DIR)/HockeySDK-iOS/HockeySDK.embeddedframework",
				);
				GCC_PRECOMPILE_PREFIX_HEADER = YES;
				GCC_PREFIX_HEADER = "RoomieParse/RoomieParse-Prefix.pch";
				GCC_WARN_ABOUT_DEPRECATED_FUNCTIONS = NO;
				INFOPLIST_FILE = "RoomieParse/RoomieParse-Info.plist";
				IPHONEOS_DEPLOYMENT_TARGET = 7.0;
				PRODUCT_NAME = "$(TARGET_NAME)";
				PROVISIONING_PROFILE = "E0D7508C-52C4-45FA-A95D-D56D14C6B6D3";
				WRAPPER_EXTENSION = app;
			};
			name = Debug;
		};
		FCFE9DED18B506820019DC9F /* Release */ = {
			isa = XCBuildConfiguration;
			buildSettings = {
				ARCHS = "$(ARCHS_STANDARD)";
				ASSETCATALOG_COMPILER_APPICON_NAME = AppIcon;
				ASSETCATALOG_COMPILER_LAUNCHIMAGE_NAME = LaunchImage;
				CODE_SIGN_IDENTITY = "iPhone Developer";
				"CODE_SIGN_IDENTITY[sdk=iphoneos*]" = "iPhone Distribution: Dylan Bourgeois (DRXTS3ZU8M)";
				FRAMEWORK_SEARCH_PATHS = (
					"$(inherited)",
					"$(PROJECT_DIR)",
					"$(PROJECT_DIR)/HockeySDK-iOS-3.5.4/Vendor",
					"$(PROJECT_DIR)/HockeySDK-iOS/HockeySDK.embeddedframework",
				);
				GCC_PRECOMPILE_PREFIX_HEADER = YES;
				GCC_PREFIX_HEADER = "RoomieParse/RoomieParse-Prefix.pch";
				GCC_WARN_ABOUT_DEPRECATED_FUNCTIONS = NO;
				INFOPLIST_FILE = "RoomieParse/RoomieParse-Info.plist";
				IPHONEOS_DEPLOYMENT_TARGET = 7.0;
				PRODUCT_NAME = "$(TARGET_NAME)";
				PROVISIONING_PROFILE = "E0D7508C-52C4-45FA-A95D-D56D14C6B6D3";
				WRAPPER_EXTENSION = app;
			};
			name = Release;
		};
		FCFE9DEF18B506820019DC9F /* Debug */ = {
			isa = XCBuildConfiguration;
			buildSettings = {
				BUNDLE_LOADER = "$(BUILT_PRODUCTS_DIR)/RoomieParse.app/RoomieParse";
				FRAMEWORK_SEARCH_PATHS = (
					"$(SDKROOT)/Developer/Library/Frameworks",
					"$(inherited)",
					"$(DEVELOPER_FRAMEWORKS_DIR)",
				);
				GCC_PRECOMPILE_PREFIX_HEADER = YES;
				GCC_PREFIX_HEADER = "RoomieParse/RoomieParse-Prefix.pch";
				GCC_PREPROCESSOR_DEFINITIONS = (
					"DEBUG=1",
					"$(inherited)",
				);
				INFOPLIST_FILE = "RoomieParseTests/RoomieParseTests-Info.plist";
				PRODUCT_NAME = "$(TARGET_NAME)";
				TEST_HOST = "$(BUNDLE_LOADER)";
				WRAPPER_EXTENSION = xctest;
			};
			name = Debug;
		};
		FCFE9DF018B506820019DC9F /* Release */ = {
			isa = XCBuildConfiguration;
			buildSettings = {
				BUNDLE_LOADER = "$(BUILT_PRODUCTS_DIR)/RoomieParse.app/RoomieParse";
				FRAMEWORK_SEARCH_PATHS = (
					"$(SDKROOT)/Developer/Library/Frameworks",
					"$(inherited)",
					"$(DEVELOPER_FRAMEWORKS_DIR)",
				);
				GCC_PRECOMPILE_PREFIX_HEADER = YES;
				GCC_PREFIX_HEADER = "RoomieParse/RoomieParse-Prefix.pch";
				INFOPLIST_FILE = "RoomieParseTests/RoomieParseTests-Info.plist";
				PRODUCT_NAME = "$(TARGET_NAME)";
				TEST_HOST = "$(BUNDLE_LOADER)";
				WRAPPER_EXTENSION = xctest;
			};
			name = Release;
		};
/* End XCBuildConfiguration section */

/* Begin XCConfigurationList section */
		FCFE9DB418B506820019DC9F /* Build configuration list for PBXProject "RoomieParse" */ = {
			isa = XCConfigurationList;
			buildConfigurations = (
				FCFE9DE918B506820019DC9F /* Debug */,
				FCFE9DEA18B506820019DC9F /* Release */,
				FCBC9FA618C2515200744065 /* Deployment */,
			);
			defaultConfigurationIsVisible = 0;
			defaultConfigurationName = Release;
		};
		FCFE9DEB18B506820019DC9F /* Build configuration list for PBXNativeTarget "RoomieParse" */ = {
			isa = XCConfigurationList;
			buildConfigurations = (
				FCFE9DEC18B506820019DC9F /* Debug */,
				FCFE9DED18B506820019DC9F /* Release */,
				FCBC9FA718C2515200744065 /* Deployment */,
			);
			defaultConfigurationIsVisible = 0;
			defaultConfigurationName = Release;
		};
		FCFE9DEE18B506820019DC9F /* Build configuration list for PBXNativeTarget "RoomieParseTests" */ = {
			isa = XCConfigurationList;
			buildConfigurations = (
				FCFE9DEF18B506820019DC9F /* Debug */,
				FCFE9DF018B506820019DC9F /* Release */,
				FCBC9FA818C2515200744065 /* Deployment */,
			);
			defaultConfigurationIsVisible = 0;
			defaultConfigurationName = Release;
		};
/* End XCConfigurationList section */
	};
	rootObject = FCFE9DB118B506820019DC9F /* Project object */;
}
